// !$*UTF8*$!
{
	archiveVersion = 1;
	classes = {
	};
	objectVersion = 56;
	objects = {

/* Begin PBXBuildFile section */
		0101956129646CD7007BDEAB /* WordCard.swift in Sources */ = {isa = PBXBuildFile; fileRef = 0101956029646CD7007BDEAB /* WordCard.swift */; };
		0101B8A92AA0CB060055DEFB /* MockDataManager.swift in Sources */ = {isa = PBXBuildFile; fileRef = 0101B8A82AA0CB060055DEFB /* MockDataManager.swift */; };
		0101B8AB2AA0D38D0055DEFB /* MyTooltip.swift in Sources */ = {isa = PBXBuildFile; fileRef = 0101B8AA2AA0D38D0055DEFB /* MyTooltip.swift */; };
		0101B8AE2AA0D4260055DEFB /* MyTooltipConfig.swift in Sources */ = {isa = PBXBuildFile; fileRef = 0101B8AD2AA0D4260055DEFB /* MyTooltipConfig.swift */; };
		0101B8B02AA0D45B0055DEFB /* MyTooltipSide.swift in Sources */ = {isa = PBXBuildFile; fileRef = 0101B8AF2AA0D45B0055DEFB /* MyTooltipSide.swift */; };
		0101B8B22AA0D54C0055DEFB /* MyArrowShape.swift in Sources */ = {isa = PBXBuildFile; fileRef = 0101B8B12AA0D54B0055DEFB /* MyArrowShape.swift */; };
		0101B8B42AA0D5680055DEFB /* MyCurveInArrowShape.swift in Sources */ = {isa = PBXBuildFile; fileRef = 0101B8B32AA0D5680055DEFB /* MyCurveInArrowShape.swift */; };
		0101B8B62AA0D5A00055DEFB /* MyDefaultTooltipConfig.swift in Sources */ = {isa = PBXBuildFile; fileRef = 0101B8B52AA0D5A00055DEFB /* MyDefaultTooltipConfig.swift */; };
		0101B8B82AA0DD890055DEFB /* OnboardingManager.swift in Sources */ = {isa = PBXBuildFile; fileRef = 0101B8B72AA0DD890055DEFB /* OnboardingManager.swift */; };
		0103FF48294C5035004C2EA6 /* AuthPage.swift in Sources */ = {isa = PBXBuildFile; fileRef = 0103FF47294C5035004C2EA6 /* AuthPage.swift */; };
		0103FF4A294C58A9004C2EA6 /* AuthViewModel.swift in Sources */ = {isa = PBXBuildFile; fileRef = 0103FF49294C58A9004C2EA6 /* AuthViewModel.swift */; };
		0103FF4C294C7471004C2EA6 /* UserDefaultsManager.swift in Sources */ = {isa = PBXBuildFile; fileRef = 0103FF4B294C7471004C2EA6 /* UserDefaultsManager.swift */; };
		0103FF4E294C76CB004C2EA6 /* StartView.swift in Sources */ = {isa = PBXBuildFile; fileRef = 0103FF4D294C76CB004C2EA6 /* StartView.swift */; };
		0103FF50294C7FFA004C2EA6 /* String.swift in Sources */ = {isa = PBXBuildFile; fileRef = 0103FF4F294C7FFA004C2EA6 /* String.swift */; };
		0103FF52294C86F5004C2EA6 /* ErrorCodeManager.swift in Sources */ = {isa = PBXBuildFile; fileRef = 0103FF51294C86F5004C2EA6 /* ErrorCodeManager.swift */; };
		0103FF56294C9E75004C2EA6 /* Router.swift in Sources */ = {isa = PBXBuildFile; fileRef = 0103FF55294C9E75004C2EA6 /* Router.swift */; };
		0109D19A2AB6E91800714E55 /* ApphudSDK in Frameworks */ = {isa = PBXBuildFile; productRef = 0109D1992AB6E91800714E55 /* ApphudSDK */; };
		0109D19C2AB8886600714E55 /* ColorTheme.swift in Sources */ = {isa = PBXBuildFile; fileRef = 0109D19B2AB8886600714E55 /* ColorTheme.swift */; };
		0109D19E2AB88F0C00714E55 /* Themes.swift in Sources */ = {isa = PBXBuildFile; fileRef = 0109D19D2AB88F0C00714E55 /* Themes.swift */; };
		0109D1A02AB8948100714E55 /* ThemeManager.swift in Sources */ = {isa = PBXBuildFile; fileRef = 0109D19F2AB8948100714E55 /* ThemeManager.swift */; };
		010C7E9129AE7EA900133179 /* MCEmojiPicker in Frameworks */ = {isa = PBXBuildFile; productRef = 010C7E9029AE7EA900133179 /* MCEmojiPicker */; };
		0110F711297EECD2007F26BC /* NavigationView.swift in Sources */ = {isa = PBXBuildFile; fileRef = 0110F710297EECD2007F26BC /* NavigationView.swift */; };
		0113F9592A96799800566EAC /* SwiftUITooltip in Frameworks */ = {isa = PBXBuildFile; productRef = 0113F9582A96799800566EAC /* SwiftUITooltip */; };
		011B138C29FBB81B00D4CCBF /* GroupsEditingPage.swift in Sources */ = {isa = PBXBuildFile; fileRef = 011B138B29FBB81B00D4CCBF /* GroupsEditingPage.swift */; };
		011B138E2A00176B00D4CCBF /* SignInWithApple.swift in Sources */ = {isa = PBXBuildFile; fileRef = 011B138D2A00176B00D4CCBF /* SignInWithApple.swift */; };
		011B13912A001DB300D4CCBF /* SignInWithAppleDelegates.swift in Sources */ = {isa = PBXBuildFile; fileRef = 011B13902A001DB300D4CCBF /* SignInWithAppleDelegates.swift */; };
		012C3E4D2ACC7364008945CD /* FirebaseAnalytics in Frameworks */ = {isa = PBXBuildFile; productRef = 012C3E4C2ACC7364008945CD /* FirebaseAnalytics */; };
		012C3E4F2ACC7364008945CD /* FirebaseAnalyticsSwift in Frameworks */ = {isa = PBXBuildFile; productRef = 012C3E4E2ACC7364008945CD /* FirebaseAnalyticsSwift */; };
		012C3E512ACC7364008945CD /* FirebaseAuth in Frameworks */ = {isa = PBXBuildFile; productRef = 012C3E502ACC7364008945CD /* FirebaseAuth */; };
		012C3E532ACC7364008945CD /* FirebaseAuthCombine-Community in Frameworks */ = {isa = PBXBuildFile; productRef = 012C3E522ACC7364008945CD /* FirebaseAuthCombine-Community */; };
		012C3E552ACC7364008945CD /* FirebaseCrashlytics in Frameworks */ = {isa = PBXBuildFile; productRef = 012C3E542ACC7364008945CD /* FirebaseCrashlytics */; };
		012C3E572ACC7364008945CD /* FirebaseDatabase in Frameworks */ = {isa = PBXBuildFile; productRef = 012C3E562ACC7364008945CD /* FirebaseDatabase */; };
		012C3E592ACC7364008945CD /* FirebaseDatabaseSwift in Frameworks */ = {isa = PBXBuildFile; productRef = 012C3E582ACC7364008945CD /* FirebaseDatabaseSwift */; };
		012C3E5B2ACC7364008945CD /* FirebaseFirestore in Frameworks */ = {isa = PBXBuildFile; productRef = 012C3E5A2ACC7364008945CD /* FirebaseFirestore */; };
		012C3E5D2ACC7364008945CD /* FirebaseFirestoreCombine-Community in Frameworks */ = {isa = PBXBuildFile; productRef = 012C3E5C2ACC7364008945CD /* FirebaseFirestoreCombine-Community */; };
		012C3E5F2ACC7364008945CD /* FirebaseFirestoreSwift in Frameworks */ = {isa = PBXBuildFile; productRef = 012C3E5E2ACC7364008945CD /* FirebaseFirestoreSwift */; };
		012C3E612ACC7364008945CD /* FirebaseInAppMessaging-Beta in Frameworks */ = {isa = PBXBuildFile; productRef = 012C3E602ACC7364008945CD /* FirebaseInAppMessaging-Beta */; };
		012C3E632ACC7364008945CD /* FirebaseInAppMessagingSwift-Beta in Frameworks */ = {isa = PBXBuildFile; productRef = 012C3E622ACC7364008945CD /* FirebaseInAppMessagingSwift-Beta */; };
		012C3E652ACC7364008945CD /* FirebaseMessaging in Frameworks */ = {isa = PBXBuildFile; productRef = 012C3E642ACC7364008945CD /* FirebaseMessaging */; };
		012C3E672ACC7364008945CD /* FirebaseStorage in Frameworks */ = {isa = PBXBuildFile; productRef = 012C3E662ACC7364008945CD /* FirebaseStorage */; };
		012C3E692ACC7364008945CD /* FirebaseStorageCombine-Community in Frameworks */ = {isa = PBXBuildFile; productRef = 012C3E682ACC7364008945CD /* FirebaseStorageCombine-Community */; };
		012D95CB29485FD300165DAF /* XCAssets+Generated.swift in Sources */ = {isa = PBXBuildFile; fileRef = 012D95CA29485FD300165DAF /* XCAssets+Generated.swift */; };
		012D95D0294867D600165DAF /* SF-Pro-Display-Black.otf in Resources */ = {isa = PBXBuildFile; fileRef = 012D95BF29485F2500165DAF /* SF-Pro-Display-Black.otf */; };
		012D95D1294867DA00165DAF /* SF-Pro-Display-Thin.otf in Resources */ = {isa = PBXBuildFile; fileRef = 012D95C829485F2500165DAF /* SF-Pro-Display-Thin.otf */; };
		012D95D2294867DA00165DAF /* SF-Pro-Display-BlackItalic.otf in Resources */ = {isa = PBXBuildFile; fileRef = 012D95BA29485F2400165DAF /* SF-Pro-Display-BlackItalic.otf */; };
		012D95D3294867DA00165DAF /* SF-Pro-Display-Medium.otf in Resources */ = {isa = PBXBuildFile; fileRef = 012D95B729485F2400165DAF /* SF-Pro-Display-Medium.otf */; };
		012D95D4294867DA00165DAF /* SF-Pro-Display-HeavyItalic.otf in Resources */ = {isa = PBXBuildFile; fileRef = 012D95C429485F2500165DAF /* SF-Pro-Display-HeavyItalic.otf */; };
		012D95D5294867DA00165DAF /* SF-Pro-Display-LightItalic.otf in Resources */ = {isa = PBXBuildFile; fileRef = 012D95B929485F2400165DAF /* SF-Pro-Display-LightItalic.otf */; };
		012D95D6294867DA00165DAF /* SF-Pro-Display-Regular.otf in Resources */ = {isa = PBXBuildFile; fileRef = 012D95BB29485F2400165DAF /* SF-Pro-Display-Regular.otf */; };
		012D95D7294867DA00165DAF /* SF-Pro-Display-ThinItalic.otf in Resources */ = {isa = PBXBuildFile; fileRef = 012D95C229485F2500165DAF /* SF-Pro-Display-ThinItalic.otf */; };
		012D95D8294867DA00165DAF /* SF-Pro-Display-BoldItalic.otf in Resources */ = {isa = PBXBuildFile; fileRef = 012D95BD29485F2500165DAF /* SF-Pro-Display-BoldItalic.otf */; };
		012D95D9294867DA00165DAF /* SF-Pro-Display-Ultralight.otf in Resources */ = {isa = PBXBuildFile; fileRef = 012D95BE29485F2500165DAF /* SF-Pro-Display-Ultralight.otf */; };
		012D95DA294867DA00165DAF /* SF-Pro-Text-Bold.otf in Resources */ = {isa = PBXBuildFile; fileRef = 012D95C329485F2500165DAF /* SF-Pro-Text-Bold.otf */; };
		012D95DB294867DA00165DAF /* SF-Pro-Display-Bold.otf in Resources */ = {isa = PBXBuildFile; fileRef = 012D95C629485F2500165DAF /* SF-Pro-Display-Bold.otf */; };
		012D95DC294867DA00165DAF /* SF-Pro-Display-RegularItalic.otf in Resources */ = {isa = PBXBuildFile; fileRef = 012D95B829485F2400165DAF /* SF-Pro-Display-RegularItalic.otf */; };
		012D95DD294867DA00165DAF /* SF-Pro-Display-Semibold.otf in Resources */ = {isa = PBXBuildFile; fileRef = 012D95C529485F2500165DAF /* SF-Pro-Display-Semibold.otf */; };
		012D95DE294867DA00165DAF /* SF-Pro-Display-Light.otf in Resources */ = {isa = PBXBuildFile; fileRef = 012D95BC29485F2500165DAF /* SF-Pro-Display-Light.otf */; };
		012D95DF294867DA00165DAF /* SF-Pro-Display-UltralightItalic.otf in Resources */ = {isa = PBXBuildFile; fileRef = 012D95C929485F2500165DAF /* SF-Pro-Display-UltralightItalic.otf */; };
		012D95E0294867DA00165DAF /* SF-Pro-Display-MediumItalic.otf in Resources */ = {isa = PBXBuildFile; fileRef = 012D95B629485F2400165DAF /* SF-Pro-Display-MediumItalic.otf */; };
		012D95E1294867DA00165DAF /* SF-Pro-Text-BoldItalic.otf in Resources */ = {isa = PBXBuildFile; fileRef = 012D95C029485F2500165DAF /* SF-Pro-Text-BoldItalic.otf */; };
		012D95E2294867DA00165DAF /* SF-Pro-Display-SemiboldItalic.otf in Resources */ = {isa = PBXBuildFile; fileRef = 012D95C729485F2500165DAF /* SF-Pro-Display-SemiboldItalic.otf */; };
		012D95E3294867DA00165DAF /* SF-Pro-Display-Heavy.otf in Resources */ = {isa = PBXBuildFile; fileRef = 012D95C129485F2500165DAF /* SF-Pro-Display-Heavy.otf */; };
		012D95E5294867E600165DAF /* Fonts+Generated.swift in Sources */ = {isa = PBXBuildFile; fileRef = 012D95E4294867E600165DAF /* Fonts+Generated.swift */; };
		013251E0296B034900B071F1 /* UIApplication + hideKeyboard.swift in Sources */ = {isa = PBXBuildFile; fileRef = 013251DF296B034900B071F1 /* UIApplication + hideKeyboard.swift */; };
		0135E24F295B645300B1C8A0 /* Module.swift in Sources */ = {isa = PBXBuildFile; fileRef = 0135E24E295B645300B1C8A0 /* Module.swift */; };
		013D97772A434A1B00F03AF7 /* Paywall.swift in Sources */ = {isa = PBXBuildFile; fileRef = 013D97762A434A1B00F03AF7 /* Paywall.swift */; };
		013D97792A49BDF100F03AF7 /* PaywallViewModel.swift in Sources */ = {isa = PBXBuildFile; fileRef = 013D97782A49BDF100F03AF7 /* PaywallViewModel.swift */; };
		013E64AE2950B281002A85E2 /* CreateModuleButton.swift in Sources */ = {isa = PBXBuildFile; fileRef = 013E64AD2950B281002A85E2 /* CreateModuleButton.swift */; };
		014681102955FADD0080732C /* CreateModuleView.swift in Sources */ = {isa = PBXBuildFile; fileRef = 0146810F2955FADD0080732C /* CreateModuleView.swift */; };
		014681132955FF9C0080732C /* CreateModuleCard.swift in Sources */ = {isa = PBXBuildFile; fileRef = 014681122955FF9C0080732C /* CreateModuleCard.swift */; };
		01468115295602290080732C /* InputRoundedTextArea.swift in Sources */ = {isa = PBXBuildFile; fileRef = 01468114295602290080732C /* InputRoundedTextArea.swift */; };
		014955A629E84DD8000BC30F /* success.json in Resources */ = {isa = PBXBuildFile; fileRef = 014955A529E84DD8000BC30F /* success.json */; };
		014955A829E855FE000BC30F /* congeralations.json in Resources */ = {isa = PBXBuildFile; fileRef = 014955A729E855FE000BC30F /* congeralations.json */; };
		014955AA29E85946000BC30F /* Vibration.swift in Sources */ = {isa = PBXBuildFile; fileRef = 014955A929E85946000BC30F /* Vibration.swift */; };
		014A46522964646300E43508 /* ModuleScreenViewModel.swift in Sources */ = {isa = PBXBuildFile; fileRef = 014A46512964646300E43508 /* ModuleScreenViewModel.swift */; };
		014B767D29E038D10044DF87 /* LearnSelectionPage.swift in Sources */ = {isa = PBXBuildFile; fileRef = 014B767C29E038D10044DF87 /* LearnSelectionPage.swift */; };
		014B767F29E03B750044DF87 /* LearnSelectionPageViewModel.swift in Sources */ = {isa = PBXBuildFile; fileRef = 014B767E29E03B750044DF87 /* LearnSelectionPageViewModel.swift */; };
		015713972964607E0022E1FA /* ModuleScreen.swift in Sources */ = {isa = PBXBuildFile; fileRef = 015713962964607E0022E1FA /* ModuleScreen.swift */; };
		015CB51F2994381B0088A1FC /* WordsCarouselView.swift in Sources */ = {isa = PBXBuildFile; fileRef = 015CB51E2994381B0088A1FC /* WordsCarouselView.swift */; };
		015CB521299438270088A1FC /* WordsCarouselViewModel.swift in Sources */ = {isa = PBXBuildFile; fileRef = 015CB520299438270088A1FC /* WordsCarouselViewModel.swift */; };
		016141D12A0D6847009A9A8F /* SelectLanguagePage.swift in Sources */ = {isa = PBXBuildFile; fileRef = 016141D02A0D6847009A9A8F /* SelectLanguagePage.swift */; };
		016141D32A0D695F009A9A8F /* SelectLanguageViewModel.swift in Sources */ = {isa = PBXBuildFile; fileRef = 016141D22A0D695F009A9A8F /* SelectLanguageViewModel.swift */; };
		016817FF2969B0B400F30E39 /* Alert.swift in Sources */ = {isa = PBXBuildFile; fileRef = 016817FE2969B0B400F30E39 /* Alert.swift */; };
		016AA3A62947550D002C00CC /* ModuleCard.swift in Sources */ = {isa = PBXBuildFile; fileRef = 016AA3A52947550D002C00CC /* ModuleCard.swift */; };
		016AA3AD29477E40002C00CC /* RoundedTextArea.swift in Sources */ = {isa = PBXBuildFile; fileRef = 016AA3AC29477E40002C00CC /* RoundedTextArea.swift */; };
		017642432972E7250042DB86 /* WordCardViewModel.swift in Sources */ = {isa = PBXBuildFile; fileRef = 017642422972E7250042DB86 /* WordCardViewModel.swift */; };
		017642452972EB920042DB86 /* Phrase.swift in Sources */ = {isa = PBXBuildFile; fileRef = 017642442972EB920042DB86 /* Phrase.swift */; };
		017642472972EEF30042DB86 /* Date.swift in Sources */ = {isa = PBXBuildFile; fileRef = 017642462972EEF30042DB86 /* Date.swift */; };
		0176424A2972FCC10042DB86 /* Constants.swift in Sources */ = {isa = PBXBuildFile; fileRef = 017642492972FCC10042DB86 /* Constants.swift */; };
		0176424C29744BC90042DB86 /* DateFormatter.swift in Sources */ = {isa = PBXBuildFile; fileRef = 0176424B29744BC90042DB86 /* DateFormatter.swift */; };
		01770EC8296AB27600578F81 /* AddNewPhraseViewModel.swift in Sources */ = {isa = PBXBuildFile; fileRef = 01770EC7296AB27500578F81 /* AddNewPhraseViewModel.swift */; };
		01770ECC296AF05200578F81 /* addWordLoader.json in Resources */ = {isa = PBXBuildFile; fileRef = 01770ECB296AF05100578F81 /* addWordLoader.json */; };
		01780D2C294A110A004F11AC /* ReverseMask.swift in Sources */ = {isa = PBXBuildFile; fileRef = 01780D2B294A110A004F11AC /* ReverseMask.swift */; };
		017A6F742969CF4B001C1855 /* AddNewPhrase.swift in Sources */ = {isa = PBXBuildFile; fileRef = 017A6F732969CF4B001C1855 /* AddNewPhrase.swift */; };
		0185B55F2949F26D00934373 /* ObservableScrollView.swift in Sources */ = {isa = PBXBuildFile; fileRef = 0185B55E2949F26D00934373 /* ObservableScrollView.swift */; };
		01897C032A17DCC3007F6A2C /* Localizable.strings in Resources */ = {isa = PBXBuildFile; fileRef = 01897C052A17DCC3007F6A2C /* Localizable.strings */; };
		018D01472ABF1793008297CA /* Colors3.xcassets in Resources */ = {isa = PBXBuildFile; fileRef = 018D01462ABF1793008297CA /* Colors3.xcassets */; };
		018D01492ABF179E008297CA /* Images3.xcassets in Resources */ = {isa = PBXBuildFile; fileRef = 018D01482ABF179E008297CA /* Images3.xcassets */; };
		019056392944A7140058B566 /* WordyApp.swift in Sources */ = {isa = PBXBuildFile; fileRef = 019056382944A7140058B566 /* WordyApp.swift */; };
		0190563D2944A7170058B566 /* Images.xcassets in Resources */ = {isa = PBXBuildFile; fileRef = 0190563C2944A7170058B566 /* Images.xcassets */; };
		019056402944A7170058B566 /* Preview Assets.xcassets in Resources */ = {isa = PBXBuildFile; fileRef = 0190563F2944A7170058B566 /* Preview Assets.xcassets */; };
		019056492944A85E0058B566 /* Modules.swift in Sources */ = {isa = PBXBuildFile; fileRef = 019056482944A85E0058B566 /* Modules.swift */; };
		0190564C2944AA710058B566 /* .gitignore in Resources */ = {isa = PBXBuildFile; fileRef = 0190564B2944AA700058B566 /* .gitignore */; };
		019056562944D0DE0058B566 /* Colors.xcassets in Resources */ = {isa = PBXBuildFile; fileRef = 019056552944D0DE0058B566 /* Colors.xcassets */; };
		019160BC29D098DD0094F36D /* ModuleSelectPage.swift in Sources */ = {isa = PBXBuildFile; fileRef = 019160BB29D098DD0094F36D /* ModuleSelectPage.swift */; };
		019160BE29D2D0360094F36D /* Group.swift in Sources */ = {isa = PBXBuildFile; fileRef = 019160BD29D2D0360094F36D /* Group.swift */; };
		019229872AC44BB3002648C4 /* EmptyBGView.swift in Sources */ = {isa = PBXBuildFile; fileRef = 019229862AC44BB3002648C4 /* EmptyBGView.swift */; };
		0192298A2AC462FE002648C4 /* AppsFlyerLib in Frameworks */ = {isa = PBXBuildFile; productRef = 019229892AC462FE002648C4 /* AppsFlyerLib */; };
		0192298C2AC48E5A002648C4 /* SettingsDelegate.swift in Sources */ = {isa = PBXBuildFile; fileRef = 0192298B2AC48E5A002648C4 /* SettingsDelegate.swift */; };
		0192298F2AC7055D002648C4 /* Launch Screen.storyboard in Resources */ = {isa = PBXBuildFile; fileRef = 0192298E2AC7055D002648C4 /* Launch Screen.storyboard */; };
		019229912AC7095B002648C4 /* ShortStack-Regular.ttf in Resources */ = {isa = PBXBuildFile; fileRef = 019229902AC7095B002648C4 /* ShortStack-Regular.ttf */; };
		01978FAB294CBCB600B8EFC3 /* Lottie in Frameworks */ = {isa = PBXBuildFile; productRef = 01978FAA294CBCB600B8EFC3 /* Lottie */; };
		01978FB3294CBF6600B8EFC3 /* LottieView.swift in Sources */ = {isa = PBXBuildFile; fileRef = 01978FB2294CBF6600B8EFC3 /* LottieView.swift */; };
		01978FB7294CC92200B8EFC3 /* loader.json in Resources */ = {isa = PBXBuildFile; fileRef = 01978FB6294CC92100B8EFC3 /* loader.json */; };
		019AC10F2AB43F3B00B31E8F /* GoogleService-Info.plist in Resources */ = {isa = PBXBuildFile; fileRef = 019AC10E2AB43F3B00B31E8F /* GoogleService-Info.plist */; };
		019AC1122AB4E60500B31E8F /* TranlatingResponse.swift in Sources */ = {isa = PBXBuildFile; fileRef = 019AC1112AB4E60400B31E8F /* TranlatingResponse.swift */; };
		01B59DF82AA23CEC003115E6 /* TooltipView.swift in Sources */ = {isa = PBXBuildFile; fileRef = 01B59DF72AA23CEC003115E6 /* TooltipView.swift */; };
		01B59DFA2AA24B1B003115E6 /* onboarding.json in Resources */ = {isa = PBXBuildFile; fileRef = 01B59DF92AA24B1B003115E6 /* onboarding.json */; };
		01B92B35294F606100F440EE /* Settings.swift in Sources */ = {isa = PBXBuildFile; fileRef = 01B92B34294F606000F440EE /* Settings.swift */; };
		01D2F1BE294CE468000330A8 /* View + Modifiers.swift in Sources */ = {isa = PBXBuildFile; fileRef = 01D2F1BD294CE468000330A8 /* View + Modifiers.swift */; };
		01D2F1C1294CEAD5000330A8 /* CategoryCard.swift in Sources */ = {isa = PBXBuildFile; fileRef = 01D2F1C0294CEAD5000330A8 /* CategoryCard.swift */; };
		01D89B1E2AC961390077FD6E /* SubscriptionManager.swift in Sources */ = {isa = PBXBuildFile; fileRef = 01D89B1D2AC961390077FD6E /* SubscriptionManager.swift */; };
		01DC12CA2A153605007BF79E /* Languages.swift in Sources */ = {isa = PBXBuildFile; fileRef = 01DC12C92A153605007BF79E /* Languages.swift */; };
		01DEA5082AB8C90300A8074D /* Colors2.xcassets in Resources */ = {isa = PBXBuildFile; fileRef = 01DEA5072AB8C90300A8074D /* Colors2.xcassets */; };
		01DEA50A2AB8CF3500A8074D /* Images2.xcassets in Resources */ = {isa = PBXBuildFile; fileRef = 01DEA5092AB8CF3500A8074D /* Images2.xcassets */; };
		01E033172AD0104B00A3DA14 /* DeeplinkManager.swift in Sources */ = {isa = PBXBuildFile; fileRef = 01E033162AD0104B00A3DA14 /* DeeplinkManager.swift */; };
		01E0331A2AD016F500A3DA14 /* SharedModulePage.swift in Sources */ = {isa = PBXBuildFile; fileRef = 01E033192AD016F500A3DA14 /* SharedModulePage.swift */; };
		01E4B759294B119800720BE0 /* NetworkManager.swift in Sources */ = {isa = PBXBuildFile; fileRef = 01E4B758294B119800720BE0 /* NetworkManager.swift */; };
		01E984D92A17D1DA009D889F /* OnboardingPage.swift in Sources */ = {isa = PBXBuildFile; fileRef = 01E984D82A17D1DA009D889F /* OnboardingPage.swift */; };
		01F01B6F29F02F8D00742DF3 /* PhraseEditPage.swift in Sources */ = {isa = PBXBuildFile; fileRef = 01F01B6E29F02F8D00742DF3 /* PhraseEditPage.swift */; };
		01F01B7129F0301F00742DF3 /* PhraseEditViewModel.swift in Sources */ = {isa = PBXBuildFile; fileRef = 01F01B7029F0301F00742DF3 /* PhraseEditViewModel.swift */; };
		01F57696294A4F2E00F52EB1 /* VisualEffectView.swift in Sources */ = {isa = PBXBuildFile; fileRef = 01F57695294A4F2E00F52EB1 /* VisualEffectView.swift */; };
		01F708BB29B6573F00585B2E /* NewCategoryCard.swift in Sources */ = {isa = PBXBuildFile; fileRef = 01F708BA29B6573F00585B2E /* NewCategoryCard.swift */; };
		01FB3A8029505E5100330DDE /* SearchTextField.swift in Sources */ = {isa = PBXBuildFile; fileRef = 01FB3A7F29505E5100330DDE /* SearchTextField.swift */; };
		54C1456C2198133057B81C76 /* Pods_Wordy.framework in Frameworks */ = {isa = PBXBuildFile; fileRef = F2E0DCB96190B4968409C2E7 /* Pods_Wordy.framework */; };
		CE1A63712B1E150F0090850B /* ChangeModulePage.swift in Sources */ = {isa = PBXBuildFile; fileRef = CE1A63702B1E150F0090850B /* ChangeModulePage.swift */; };
		CE272E1E2B067A6400B2B1E8 /* Notification.swift in Sources */ = {isa = PBXBuildFile; fileRef = CE272E1D2B067A6400B2B1E8 /* Notification.swift */; };
		CE41A7FD2AE3D03C002E9E4A /* TimeIntervalView.swift in Sources */ = {isa = PBXBuildFile; fileRef = CE41A7FC2AE3D03C002E9E4A /* TimeIntervalView.swift */; };
		CE41A7FF2AE3D058002E9E4A /* TimeIntervalViewModel.swift in Sources */ = {isa = PBXBuildFile; fileRef = CE41A7FE2AE3D058002E9E4A /* TimeIntervalViewModel.swift */; };
		CE52764A2ADAD7D9009F30FB /* ExampleCreatingResponse.swift in Sources */ = {isa = PBXBuildFile; fileRef = CE5276492ADAD7D9009F30FB /* ExampleCreatingResponse.swift */; };
		CE52764C2ADAE80A009F30FB /* BadgeBackground.swift in Sources */ = {isa = PBXBuildFile; fileRef = CE52764B2ADAE80A009F30FB /* BadgeBackground.swift */; };
		CE6BD5B02AFBCF4900C4379F /* PrePaywallManager.swift in Sources */ = {isa = PBXBuildFile; fileRef = CE6BD5AF2AFBCF4900C4379F /* PrePaywallManager.swift */; };
		CE7C1DA62B08D41E00DEB265 /* Colors5.xcassets in Resources */ = {isa = PBXBuildFile; fileRef = CE7C1DA52B08D41E00DEB265 /* Colors5.xcassets */; };
		CE7C1DA82B08D42800DEB265 /* Images4.xcassets in Resources */ = {isa = PBXBuildFile; fileRef = CE7C1DA72B08D42800DEB265 /* Images4.xcassets */; };
		CE7C1DAC2B08E1AA00DEB265 /* Images6.xcassets in Resources */ = {isa = PBXBuildFile; fileRef = CE7C1DAB2B08E1AA00DEB265 /* Images6.xcassets */; };
		CE7C1DAE2B08E1B900DEB265 /* Colors6.xcassets in Resources */ = {isa = PBXBuildFile; fileRef = CE7C1DAD2B08E1B900DEB265 /* Colors6.xcassets */; };
		CE92994F2B0FAF9B00E24C7E /* NetworkConnectionManager.swift in Sources */ = {isa = PBXBuildFile; fileRef = CE92994E2B0FAF9B00E24C7E /* NetworkConnectionManager.swift */; };
		CE9299512B0FB7B900E24C7E /* StartViewModel.swift in Sources */ = {isa = PBXBuildFile; fileRef = CE9299502B0FB7B900E24C7E /* StartViewModel.swift */; };
		CEC18A262AD163BB00825749 /* NewModulesScreen.swift in Sources */ = {isa = PBXBuildFile; fileRef = CEC18A252AD163BB00825749 /* NewModulesScreen.swift */; };
		CECE48B72AFF9D82002E5507 /* notificationSound1.m4r in Resources */ = {isa = PBXBuildFile; fileRef = CECE48B62AFF9D81002E5507 /* notificationSound1.m4r */; };
		CECE48B92AFF9E9A002E5507 /* notificationSound2.m4r in Resources */ = {isa = PBXBuildFile; fileRef = CECE48B82AFF9E99002E5507 /* notificationSound2.m4r */; };
		CECE48BB2AFF9F8F002E5507 /* notificationSound3.m4r in Resources */ = {isa = PBXBuildFile; fileRef = CECE48BA2AFF9F8E002E5507 /* notificationSound3.m4r */; };
		CECE48BD2B00EAD8002E5507 /* successFinishedLearning.m4r in Resources */ = {isa = PBXBuildFile; fileRef = CECE48BC2B00EAD7002E5507 /* successFinishedLearning.m4r */; };
		CECE48C32B00F9E5002E5507 /* successFinishedLearning2.m4r in Resources */ = {isa = PBXBuildFile; fileRef = CECE48C22B00F9E4002E5507 /* successFinishedLearning2.m4r */; };
		CECE48C52B00FB5F002E5507 /* correctChose.m4r in Resources */ = {isa = PBXBuildFile; fileRef = CECE48C42B00FB5E002E5507 /* correctChose.m4r */; };
		CECE48C92B010C1B002E5507 /* Colors4.xcassets in Resources */ = {isa = PBXBuildFile; fileRef = CECE48C82B010C1B002E5507 /* Colors4.xcassets */; };
		CECE48CB2B010C3D002E5507 /* Images5.xcassets in Resources */ = {isa = PBXBuildFile; fileRef = CECE48CA2B010C3D002E5507 /* Images5.xcassets */; };
/* End PBXBuildFile section */

/* Begin PBXFileReference section */
		0101956029646CD7007BDEAB /* WordCard.swift */ = {isa = PBXFileReference; lastKnownFileType = sourcecode.swift; path = WordCard.swift; sourceTree = "<group>"; };
		0101B8A82AA0CB060055DEFB /* MockDataManager.swift */ = {isa = PBXFileReference; lastKnownFileType = sourcecode.swift; path = MockDataManager.swift; sourceTree = "<group>"; };
		0101B8AA2AA0D38D0055DEFB /* MyTooltip.swift */ = {isa = PBXFileReference; lastKnownFileType = sourcecode.swift; path = MyTooltip.swift; sourceTree = "<group>"; };
		0101B8AD2AA0D4260055DEFB /* MyTooltipConfig.swift */ = {isa = PBXFileReference; lastKnownFileType = sourcecode.swift; path = MyTooltipConfig.swift; sourceTree = "<group>"; };
		0101B8AF2AA0D45B0055DEFB /* MyTooltipSide.swift */ = {isa = PBXFileReference; lastKnownFileType = sourcecode.swift; path = MyTooltipSide.swift; sourceTree = "<group>"; };
		0101B8B12AA0D54B0055DEFB /* MyArrowShape.swift */ = {isa = PBXFileReference; lastKnownFileType = sourcecode.swift; path = MyArrowShape.swift; sourceTree = "<group>"; };
		0101B8B32AA0D5680055DEFB /* MyCurveInArrowShape.swift */ = {isa = PBXFileReference; lastKnownFileType = sourcecode.swift; path = MyCurveInArrowShape.swift; sourceTree = "<group>"; };
		0101B8B52AA0D5A00055DEFB /* MyDefaultTooltipConfig.swift */ = {isa = PBXFileReference; lastKnownFileType = sourcecode.swift; path = MyDefaultTooltipConfig.swift; sourceTree = "<group>"; };
		0101B8B72AA0DD890055DEFB /* OnboardingManager.swift */ = {isa = PBXFileReference; lastKnownFileType = sourcecode.swift; path = OnboardingManager.swift; sourceTree = "<group>"; };
		0103FF47294C5035004C2EA6 /* AuthPage.swift */ = {isa = PBXFileReference; lastKnownFileType = sourcecode.swift; path = AuthPage.swift; sourceTree = "<group>"; };
		0103FF49294C58A9004C2EA6 /* AuthViewModel.swift */ = {isa = PBXFileReference; lastKnownFileType = sourcecode.swift; path = AuthViewModel.swift; sourceTree = "<group>"; };
		0103FF4B294C7471004C2EA6 /* UserDefaultsManager.swift */ = {isa = PBXFileReference; lastKnownFileType = sourcecode.swift; path = UserDefaultsManager.swift; sourceTree = "<group>"; };
		0103FF4D294C76CB004C2EA6 /* StartView.swift */ = {isa = PBXFileReference; lastKnownFileType = sourcecode.swift; path = StartView.swift; sourceTree = "<group>"; };
		0103FF4F294C7FFA004C2EA6 /* String.swift */ = {isa = PBXFileReference; lastKnownFileType = sourcecode.swift; path = String.swift; sourceTree = "<group>"; };
		0103FF51294C86F5004C2EA6 /* ErrorCodeManager.swift */ = {isa = PBXFileReference; lastKnownFileType = sourcecode.swift; path = ErrorCodeManager.swift; sourceTree = "<group>"; };
		0103FF55294C9E75004C2EA6 /* Router.swift */ = {isa = PBXFileReference; lastKnownFileType = sourcecode.swift; path = Router.swift; sourceTree = "<group>"; };
		0109D1972AB5D7FC00714E55 /* Info.plist */ = {isa = PBXFileReference; lastKnownFileType = text.plist; path = Info.plist; sourceTree = "<group>"; };
		0109D19B2AB8886600714E55 /* ColorTheme.swift */ = {isa = PBXFileReference; lastKnownFileType = sourcecode.swift; path = ColorTheme.swift; sourceTree = "<group>"; };
		0109D19D2AB88F0C00714E55 /* Themes.swift */ = {isa = PBXFileReference; lastKnownFileType = sourcecode.swift; path = Themes.swift; sourceTree = "<group>"; };
		0109D19F2AB8948100714E55 /* ThemeManager.swift */ = {isa = PBXFileReference; lastKnownFileType = sourcecode.swift; path = ThemeManager.swift; sourceTree = "<group>"; };
		0110F710297EECD2007F26BC /* NavigationView.swift */ = {isa = PBXFileReference; lastKnownFileType = sourcecode.swift; path = NavigationView.swift; sourceTree = "<group>"; };
		011B138B29FBB81B00D4CCBF /* GroupsEditingPage.swift */ = {isa = PBXFileReference; lastKnownFileType = sourcecode.swift; path = GroupsEditingPage.swift; sourceTree = "<group>"; };
		011B138D2A00176B00D4CCBF /* SignInWithApple.swift */ = {isa = PBXFileReference; lastKnownFileType = sourcecode.swift; path = SignInWithApple.swift; sourceTree = "<group>"; };
		011B13902A001DB300D4CCBF /* SignInWithAppleDelegates.swift */ = {isa = PBXFileReference; lastKnownFileType = sourcecode.swift; path = SignInWithAppleDelegates.swift; sourceTree = "<group>"; };
		012D95B629485F2400165DAF /* SF-Pro-Display-MediumItalic.otf */ = {isa = PBXFileReference; lastKnownFileType = file; path = "SF-Pro-Display-MediumItalic.otf"; sourceTree = "<group>"; };
		012D95B729485F2400165DAF /* SF-Pro-Display-Medium.otf */ = {isa = PBXFileReference; lastKnownFileType = file; path = "SF-Pro-Display-Medium.otf"; sourceTree = "<group>"; };
		012D95B829485F2400165DAF /* SF-Pro-Display-RegularItalic.otf */ = {isa = PBXFileReference; lastKnownFileType = file; path = "SF-Pro-Display-RegularItalic.otf"; sourceTree = "<group>"; };
		012D95B929485F2400165DAF /* SF-Pro-Display-LightItalic.otf */ = {isa = PBXFileReference; lastKnownFileType = file; path = "SF-Pro-Display-LightItalic.otf"; sourceTree = "<group>"; };
		012D95BA29485F2400165DAF /* SF-Pro-Display-BlackItalic.otf */ = {isa = PBXFileReference; lastKnownFileType = file; path = "SF-Pro-Display-BlackItalic.otf"; sourceTree = "<group>"; };
		012D95BB29485F2400165DAF /* SF-Pro-Display-Regular.otf */ = {isa = PBXFileReference; lastKnownFileType = file; path = "SF-Pro-Display-Regular.otf"; sourceTree = "<group>"; };
		012D95BC29485F2500165DAF /* SF-Pro-Display-Light.otf */ = {isa = PBXFileReference; lastKnownFileType = file; path = "SF-Pro-Display-Light.otf"; sourceTree = "<group>"; };
		012D95BD29485F2500165DAF /* SF-Pro-Display-BoldItalic.otf */ = {isa = PBXFileReference; lastKnownFileType = file; path = "SF-Pro-Display-BoldItalic.otf"; sourceTree = "<group>"; };
		012D95BE29485F2500165DAF /* SF-Pro-Display-Ultralight.otf */ = {isa = PBXFileReference; lastKnownFileType = file; path = "SF-Pro-Display-Ultralight.otf"; sourceTree = "<group>"; };
		012D95BF29485F2500165DAF /* SF-Pro-Display-Black.otf */ = {isa = PBXFileReference; lastKnownFileType = file; path = "SF-Pro-Display-Black.otf"; sourceTree = "<group>"; };
		012D95C029485F2500165DAF /* SF-Pro-Text-BoldItalic.otf */ = {isa = PBXFileReference; lastKnownFileType = file; path = "SF-Pro-Text-BoldItalic.otf"; sourceTree = "<group>"; };
		012D95C129485F2500165DAF /* SF-Pro-Display-Heavy.otf */ = {isa = PBXFileReference; lastKnownFileType = file; path = "SF-Pro-Display-Heavy.otf"; sourceTree = "<group>"; };
		012D95C229485F2500165DAF /* SF-Pro-Display-ThinItalic.otf */ = {isa = PBXFileReference; lastKnownFileType = file; path = "SF-Pro-Display-ThinItalic.otf"; sourceTree = "<group>"; };
		012D95C329485F2500165DAF /* SF-Pro-Text-Bold.otf */ = {isa = PBXFileReference; lastKnownFileType = file; path = "SF-Pro-Text-Bold.otf"; sourceTree = "<group>"; };
		012D95C429485F2500165DAF /* SF-Pro-Display-HeavyItalic.otf */ = {isa = PBXFileReference; lastKnownFileType = file; path = "SF-Pro-Display-HeavyItalic.otf"; sourceTree = "<group>"; };
		012D95C529485F2500165DAF /* SF-Pro-Display-Semibold.otf */ = {isa = PBXFileReference; lastKnownFileType = file; path = "SF-Pro-Display-Semibold.otf"; sourceTree = "<group>"; };
		012D95C629485F2500165DAF /* SF-Pro-Display-Bold.otf */ = {isa = PBXFileReference; lastKnownFileType = file; path = "SF-Pro-Display-Bold.otf"; sourceTree = "<group>"; };
		012D95C729485F2500165DAF /* SF-Pro-Display-SemiboldItalic.otf */ = {isa = PBXFileReference; lastKnownFileType = file; path = "SF-Pro-Display-SemiboldItalic.otf"; sourceTree = "<group>"; };
		012D95C829485F2500165DAF /* SF-Pro-Display-Thin.otf */ = {isa = PBXFileReference; lastKnownFileType = file; path = "SF-Pro-Display-Thin.otf"; sourceTree = "<group>"; };
		012D95C929485F2500165DAF /* SF-Pro-Display-UltralightItalic.otf */ = {isa = PBXFileReference; lastKnownFileType = file; path = "SF-Pro-Display-UltralightItalic.otf"; sourceTree = "<group>"; };
		012D95CA29485FD300165DAF /* XCAssets+Generated.swift */ = {isa = PBXFileReference; fileEncoding = 4; lastKnownFileType = sourcecode.swift; path = "XCAssets+Generated.swift"; sourceTree = "<group>"; };
		012D95E4294867E600165DAF /* Fonts+Generated.swift */ = {isa = PBXFileReference; fileEncoding = 4; lastKnownFileType = sourcecode.swift; path = "Fonts+Generated.swift"; sourceTree = "<group>"; };
		0130B01B2A0A57E9001391FC /* Wordy.entitlements */ = {isa = PBXFileReference; lastKnownFileType = text.plist.entitlements; path = Wordy.entitlements; sourceTree = "<group>"; };
		013251DF296B034900B071F1 /* UIApplication + hideKeyboard.swift */ = {isa = PBXFileReference; lastKnownFileType = sourcecode.swift; path = "UIApplication + hideKeyboard.swift"; sourceTree = "<group>"; };
		0135E24E295B645300B1C8A0 /* Module.swift */ = {isa = PBXFileReference; lastKnownFileType = sourcecode.swift; path = Module.swift; sourceTree = "<group>"; };
		013D97762A434A1B00F03AF7 /* Paywall.swift */ = {isa = PBXFileReference; lastKnownFileType = sourcecode.swift; path = Paywall.swift; sourceTree = "<group>"; };
		013D97782A49BDF100F03AF7 /* PaywallViewModel.swift */ = {isa = PBXFileReference; lastKnownFileType = sourcecode.swift; path = PaywallViewModel.swift; sourceTree = "<group>"; };
		013E64AD2950B281002A85E2 /* CreateModuleButton.swift */ = {isa = PBXFileReference; lastKnownFileType = sourcecode.swift; path = CreateModuleButton.swift; sourceTree = "<group>"; };
		0146810F2955FADD0080732C /* CreateModuleView.swift */ = {isa = PBXFileReference; lastKnownFileType = sourcecode.swift; path = CreateModuleView.swift; sourceTree = "<group>"; };
		014681122955FF9C0080732C /* CreateModuleCard.swift */ = {isa = PBXFileReference; lastKnownFileType = sourcecode.swift; path = CreateModuleCard.swift; sourceTree = "<group>"; };
		01468114295602290080732C /* InputRoundedTextArea.swift */ = {isa = PBXFileReference; lastKnownFileType = sourcecode.swift; path = InputRoundedTextArea.swift; sourceTree = "<group>"; };
		014955A529E84DD8000BC30F /* success.json */ = {isa = PBXFileReference; fileEncoding = 4; lastKnownFileType = text.json; path = success.json; sourceTree = "<group>"; };
		014955A729E855FE000BC30F /* congeralations.json */ = {isa = PBXFileReference; fileEncoding = 4; lastKnownFileType = text.json; path = congeralations.json; sourceTree = "<group>"; };
		014955A929E85946000BC30F /* Vibration.swift */ = {isa = PBXFileReference; lastKnownFileType = sourcecode.swift; path = Vibration.swift; sourceTree = "<group>"; };
		014A46512964646300E43508 /* ModuleScreenViewModel.swift */ = {isa = PBXFileReference; lastKnownFileType = sourcecode.swift; path = ModuleScreenViewModel.swift; sourceTree = "<group>"; };
		014B767C29E038D10044DF87 /* LearnSelectionPage.swift */ = {isa = PBXFileReference; lastKnownFileType = sourcecode.swift; path = LearnSelectionPage.swift; sourceTree = "<group>"; };
		014B767E29E03B750044DF87 /* LearnSelectionPageViewModel.swift */ = {isa = PBXFileReference; lastKnownFileType = sourcecode.swift; path = LearnSelectionPageViewModel.swift; sourceTree = "<group>"; };
		015713962964607E0022E1FA /* ModuleScreen.swift */ = {isa = PBXFileReference; lastKnownFileType = sourcecode.swift; path = ModuleScreen.swift; sourceTree = "<group>"; };
		015CB51E2994381B0088A1FC /* WordsCarouselView.swift */ = {isa = PBXFileReference; lastKnownFileType = sourcecode.swift; path = WordsCarouselView.swift; sourceTree = "<group>"; };
		015CB520299438270088A1FC /* WordsCarouselViewModel.swift */ = {isa = PBXFileReference; lastKnownFileType = sourcecode.swift; path = WordsCarouselViewModel.swift; sourceTree = "<group>"; };
		016141D02A0D6847009A9A8F /* SelectLanguagePage.swift */ = {isa = PBXFileReference; lastKnownFileType = sourcecode.swift; path = SelectLanguagePage.swift; sourceTree = "<group>"; };
		016141D22A0D695F009A9A8F /* SelectLanguageViewModel.swift */ = {isa = PBXFileReference; lastKnownFileType = sourcecode.swift; path = SelectLanguageViewModel.swift; sourceTree = "<group>"; };
		016817FE2969B0B400F30E39 /* Alert.swift */ = {isa = PBXFileReference; lastKnownFileType = sourcecode.swift; path = Alert.swift; sourceTree = "<group>"; };
		016AA3A52947550D002C00CC /* ModuleCard.swift */ = {isa = PBXFileReference; lastKnownFileType = sourcecode.swift; path = ModuleCard.swift; sourceTree = "<group>"; };
		016AA3AC29477E40002C00CC /* RoundedTextArea.swift */ = {isa = PBXFileReference; lastKnownFileType = sourcecode.swift; path = RoundedTextArea.swift; sourceTree = "<group>"; };
		017642422972E7250042DB86 /* WordCardViewModel.swift */ = {isa = PBXFileReference; lastKnownFileType = sourcecode.swift; path = WordCardViewModel.swift; sourceTree = "<group>"; };
		017642442972EB920042DB86 /* Phrase.swift */ = {isa = PBXFileReference; lastKnownFileType = sourcecode.swift; path = Phrase.swift; sourceTree = "<group>"; };
		017642462972EEF30042DB86 /* Date.swift */ = {isa = PBXFileReference; lastKnownFileType = sourcecode.swift; path = Date.swift; sourceTree = "<group>"; };
		017642492972FCC10042DB86 /* Constants.swift */ = {isa = PBXFileReference; lastKnownFileType = sourcecode.swift; path = Constants.swift; sourceTree = "<group>"; };
		0176424B29744BC90042DB86 /* DateFormatter.swift */ = {isa = PBXFileReference; lastKnownFileType = sourcecode.swift; path = DateFormatter.swift; sourceTree = "<group>"; };
		01770EC7296AB27500578F81 /* AddNewPhraseViewModel.swift */ = {isa = PBXFileReference; lastKnownFileType = sourcecode.swift; path = AddNewPhraseViewModel.swift; sourceTree = "<group>"; };
		01770ECB296AF05100578F81 /* addWordLoader.json */ = {isa = PBXFileReference; fileEncoding = 4; lastKnownFileType = text.json; path = addWordLoader.json; sourceTree = "<group>"; };
		01780D2B294A110A004F11AC /* ReverseMask.swift */ = {isa = PBXFileReference; lastKnownFileType = sourcecode.swift; path = ReverseMask.swift; sourceTree = "<group>"; };
		017A6F732969CF4B001C1855 /* AddNewPhrase.swift */ = {isa = PBXFileReference; lastKnownFileType = sourcecode.swift; path = AddNewPhrase.swift; sourceTree = "<group>"; };
		0185B55E2949F26D00934373 /* ObservableScrollView.swift */ = {isa = PBXFileReference; lastKnownFileType = sourcecode.swift; path = ObservableScrollView.swift; sourceTree = "<group>"; };
		01897C042A17DCC3007F6A2C /* en */ = {isa = PBXFileReference; lastKnownFileType = text.plist.strings; name = en; path = en.lproj/Localizable.strings; sourceTree = "<group>"; };
		01897C062A17DCD5007F6A2C /* ru */ = {isa = PBXFileReference; lastKnownFileType = text.plist.strings; name = ru; path = ru.lproj/Localizable.strings; sourceTree = "<group>"; };
		018D01462ABF1793008297CA /* Colors3.xcassets */ = {isa = PBXFileReference; lastKnownFileType = folder.assetcatalog; path = Colors3.xcassets; sourceTree = "<group>"; };
		018D01482ABF179E008297CA /* Images3.xcassets */ = {isa = PBXFileReference; lastKnownFileType = folder.assetcatalog; path = Images3.xcassets; sourceTree = "<group>"; };
		019056352944A7140058B566 /* Wordy.app */ = {isa = PBXFileReference; explicitFileType = wrapper.application; includeInIndex = 0; path = Wordy.app; sourceTree = BUILT_PRODUCTS_DIR; };
		019056382944A7140058B566 /* WordyApp.swift */ = {isa = PBXFileReference; lastKnownFileType = sourcecode.swift; path = WordyApp.swift; sourceTree = "<group>"; };
		0190563C2944A7170058B566 /* Images.xcassets */ = {isa = PBXFileReference; lastKnownFileType = folder.assetcatalog; path = Images.xcassets; sourceTree = "<group>"; };
		0190563F2944A7170058B566 /* Preview Assets.xcassets */ = {isa = PBXFileReference; lastKnownFileType = folder.assetcatalog; path = "Preview Assets.xcassets"; sourceTree = "<group>"; };
		019056482944A85E0058B566 /* Modules.swift */ = {isa = PBXFileReference; lastKnownFileType = sourcecode.swift; path = Modules.swift; sourceTree = "<group>"; };
		0190564B2944AA700058B566 /* .gitignore */ = {isa = PBXFileReference; fileEncoding = 4; lastKnownFileType = text; path = .gitignore; sourceTree = SOURCE_ROOT; };
		019056542944C7200058B566 /* swiftgen.yml */ = {isa = PBXFileReference; lastKnownFileType = text.yaml; path = swiftgen.yml; sourceTree = "<group>"; };
		019056552944D0DE0058B566 /* Colors.xcassets */ = {isa = PBXFileReference; lastKnownFileType = folder.assetcatalog; path = Colors.xcassets; sourceTree = "<group>"; };
		019160BB29D098DD0094F36D /* ModuleSelectPage.swift */ = {isa = PBXFileReference; lastKnownFileType = sourcecode.swift; path = ModuleSelectPage.swift; sourceTree = "<group>"; };
		019160BD29D2D0360094F36D /* Group.swift */ = {isa = PBXFileReference; lastKnownFileType = sourcecode.swift; path = Group.swift; sourceTree = "<group>"; };
		019229862AC44BB3002648C4 /* EmptyBGView.swift */ = {isa = PBXFileReference; lastKnownFileType = sourcecode.swift; path = EmptyBGView.swift; sourceTree = "<group>"; };
		0192298B2AC48E5A002648C4 /* SettingsDelegate.swift */ = {isa = PBXFileReference; lastKnownFileType = sourcecode.swift; path = SettingsDelegate.swift; sourceTree = "<group>"; };
		0192298E2AC7055D002648C4 /* Launch Screen.storyboard */ = {isa = PBXFileReference; lastKnownFileType = file.storyboard; path = "Launch Screen.storyboard"; sourceTree = "<group>"; };
		019229902AC7095B002648C4 /* ShortStack-Regular.ttf */ = {isa = PBXFileReference; lastKnownFileType = file; path = "ShortStack-Regular.ttf"; sourceTree = "<group>"; };
		01978FB2294CBF6600B8EFC3 /* LottieView.swift */ = {isa = PBXFileReference; lastKnownFileType = sourcecode.swift; path = LottieView.swift; sourceTree = "<group>"; };
		01978FB6294CC92100B8EFC3 /* loader.json */ = {isa = PBXFileReference; fileEncoding = 4; lastKnownFileType = text.json; path = loader.json; sourceTree = "<group>"; };
		019AC10E2AB43F3B00B31E8F /* GoogleService-Info.plist */ = {isa = PBXFileReference; fileEncoding = 4; lastKnownFileType = text.plist.xml; path = "GoogleService-Info.plist"; sourceTree = "<group>"; };
		019AC1112AB4E60400B31E8F /* TranlatingResponse.swift */ = {isa = PBXFileReference; lastKnownFileType = sourcecode.swift; path = TranlatingResponse.swift; sourceTree = "<group>"; };
		01B59DF72AA23CEC003115E6 /* TooltipView.swift */ = {isa = PBXFileReference; lastKnownFileType = sourcecode.swift; path = TooltipView.swift; sourceTree = "<group>"; };
		01B59DF92AA24B1B003115E6 /* onboarding.json */ = {isa = PBXFileReference; fileEncoding = 4; lastKnownFileType = text.json; path = onboarding.json; sourceTree = "<group>"; };
		01B92B34294F606000F440EE /* Settings.swift */ = {isa = PBXFileReference; lastKnownFileType = sourcecode.swift; path = Settings.swift; sourceTree = "<group>"; };
		01D2F1BD294CE468000330A8 /* View + Modifiers.swift */ = {isa = PBXFileReference; lastKnownFileType = sourcecode.swift; path = "View + Modifiers.swift"; sourceTree = "<group>"; };
		01D2F1C0294CEAD5000330A8 /* CategoryCard.swift */ = {isa = PBXFileReference; lastKnownFileType = sourcecode.swift; path = CategoryCard.swift; sourceTree = "<group>"; };
		01D89B1D2AC961390077FD6E /* SubscriptionManager.swift */ = {isa = PBXFileReference; lastKnownFileType = sourcecode.swift; path = SubscriptionManager.swift; sourceTree = "<group>"; };
		01DC12C92A153605007BF79E /* Languages.swift */ = {isa = PBXFileReference; lastKnownFileType = sourcecode.swift; path = Languages.swift; sourceTree = "<group>"; };
		01DEA5072AB8C90300A8074D /* Colors2.xcassets */ = {isa = PBXFileReference; lastKnownFileType = folder.assetcatalog; path = Colors2.xcassets; sourceTree = "<group>"; };
		01DEA5092AB8CF3500A8074D /* Images2.xcassets */ = {isa = PBXFileReference; lastKnownFileType = folder.assetcatalog; path = Images2.xcassets; sourceTree = "<group>"; };
		01E033162AD0104B00A3DA14 /* DeeplinkManager.swift */ = {isa = PBXFileReference; lastKnownFileType = sourcecode.swift; path = DeeplinkManager.swift; sourceTree = "<group>"; };
		01E033192AD016F500A3DA14 /* SharedModulePage.swift */ = {isa = PBXFileReference; lastKnownFileType = sourcecode.swift; path = SharedModulePage.swift; sourceTree = "<group>"; };
		01E4B758294B119800720BE0 /* NetworkManager.swift */ = {isa = PBXFileReference; lastKnownFileType = sourcecode.swift; path = NetworkManager.swift; sourceTree = "<group>"; };
		01E984D82A17D1DA009D889F /* OnboardingPage.swift */ = {isa = PBXFileReference; lastKnownFileType = sourcecode.swift; path = OnboardingPage.swift; sourceTree = "<group>"; };
		01F01B6E29F02F8D00742DF3 /* PhraseEditPage.swift */ = {isa = PBXFileReference; lastKnownFileType = sourcecode.swift; path = PhraseEditPage.swift; sourceTree = "<group>"; };
		01F01B7029F0301F00742DF3 /* PhraseEditViewModel.swift */ = {isa = PBXFileReference; lastKnownFileType = sourcecode.swift; path = PhraseEditViewModel.swift; sourceTree = "<group>"; };
		01F57695294A4F2E00F52EB1 /* VisualEffectView.swift */ = {isa = PBXFileReference; lastKnownFileType = sourcecode.swift; path = VisualEffectView.swift; sourceTree = "<group>"; };
		01F708BA29B6573F00585B2E /* NewCategoryCard.swift */ = {isa = PBXFileReference; lastKnownFileType = sourcecode.swift; path = NewCategoryCard.swift; sourceTree = "<group>"; };
		01FB3A7F29505E5100330DDE /* SearchTextField.swift */ = {isa = PBXFileReference; lastKnownFileType = sourcecode.swift; path = SearchTextField.swift; sourceTree = "<group>"; };
		CE1A63702B1E150F0090850B /* ChangeModulePage.swift */ = {isa = PBXFileReference; lastKnownFileType = sourcecode.swift; path = ChangeModulePage.swift; sourceTree = "<group>"; };
		CE272E1D2B067A6400B2B1E8 /* Notification.swift */ = {isa = PBXFileReference; lastKnownFileType = sourcecode.swift; path = Notification.swift; sourceTree = "<group>"; };
		CE41A7FC2AE3D03C002E9E4A /* TimeIntervalView.swift */ = {isa = PBXFileReference; lastKnownFileType = sourcecode.swift; path = TimeIntervalView.swift; sourceTree = "<group>"; };
		CE41A7FE2AE3D058002E9E4A /* TimeIntervalViewModel.swift */ = {isa = PBXFileReference; lastKnownFileType = sourcecode.swift; path = TimeIntervalViewModel.swift; sourceTree = "<group>"; };
		CE5276492ADAD7D9009F30FB /* ExampleCreatingResponse.swift */ = {isa = PBXFileReference; lastKnownFileType = sourcecode.swift; path = ExampleCreatingResponse.swift; sourceTree = "<group>"; };
		CE52764B2ADAE80A009F30FB /* BadgeBackground.swift */ = {isa = PBXFileReference; lastKnownFileType = sourcecode.swift; path = BadgeBackground.swift; sourceTree = "<group>"; };
		CE6BD5AF2AFBCF4900C4379F /* PrePaywallManager.swift */ = {isa = PBXFileReference; lastKnownFileType = sourcecode.swift; path = PrePaywallManager.swift; sourceTree = "<group>"; };
		CE7C1DA52B08D41E00DEB265 /* Colors5.xcassets */ = {isa = PBXFileReference; lastKnownFileType = folder.assetcatalog; path = Colors5.xcassets; sourceTree = "<group>"; };
		CE7C1DA72B08D42800DEB265 /* Images4.xcassets */ = {isa = PBXFileReference; lastKnownFileType = folder.assetcatalog; path = Images4.xcassets; sourceTree = "<group>"; };
		CE7C1DAB2B08E1AA00DEB265 /* Images6.xcassets */ = {isa = PBXFileReference; lastKnownFileType = folder.assetcatalog; path = Images6.xcassets; sourceTree = "<group>"; };
		CE7C1DAD2B08E1B900DEB265 /* Colors6.xcassets */ = {isa = PBXFileReference; lastKnownFileType = folder.assetcatalog; path = Colors6.xcassets; sourceTree = "<group>"; };
		CE92994E2B0FAF9B00E24C7E /* NetworkConnectionManager.swift */ = {isa = PBXFileReference; lastKnownFileType = sourcecode.swift; path = NetworkConnectionManager.swift; sourceTree = "<group>"; };
		CE9299502B0FB7B900E24C7E /* StartViewModel.swift */ = {isa = PBXFileReference; lastKnownFileType = sourcecode.swift; path = StartViewModel.swift; sourceTree = "<group>"; };
		CEC18A252AD163BB00825749 /* NewModulesScreen.swift */ = {isa = PBXFileReference; lastKnownFileType = sourcecode.swift; path = NewModulesScreen.swift; sourceTree = "<group>"; };
		CECE48B62AFF9D81002E5507 /* notificationSound1.m4r */ = {isa = PBXFileReference; lastKnownFileType = file; path = notificationSound1.m4r; sourceTree = "<group>"; };
		CECE48B82AFF9E99002E5507 /* notificationSound2.m4r */ = {isa = PBXFileReference; lastKnownFileType = file; path = notificationSound2.m4r; sourceTree = "<group>"; };
		CECE48BA2AFF9F8E002E5507 /* notificationSound3.m4r */ = {isa = PBXFileReference; lastKnownFileType = file; path = notificationSound3.m4r; sourceTree = "<group>"; };
		CECE48BC2B00EAD7002E5507 /* successFinishedLearning.m4r */ = {isa = PBXFileReference; lastKnownFileType = file; path = successFinishedLearning.m4r; sourceTree = "<group>"; };
		CECE48C22B00F9E4002E5507 /* successFinishedLearning2.m4r */ = {isa = PBXFileReference; lastKnownFileType = file; path = successFinishedLearning2.m4r; sourceTree = "<group>"; };
		CECE48C42B00FB5E002E5507 /* correctChose.m4r */ = {isa = PBXFileReference; lastKnownFileType = file; path = correctChose.m4r; sourceTree = "<group>"; };
		CECE48C82B010C1B002E5507 /* Colors4.xcassets */ = {isa = PBXFileReference; lastKnownFileType = folder.assetcatalog; path = Colors4.xcassets; sourceTree = "<group>"; };
		CECE48CA2B010C3D002E5507 /* Images5.xcassets */ = {isa = PBXFileReference; lastKnownFileType = folder.assetcatalog; path = Images5.xcassets; sourceTree = "<group>"; };
		DF01A188026EA0C8921A4D0E /* Pods-Wordy.release.xcconfig */ = {isa = PBXFileReference; includeInIndex = 1; lastKnownFileType = text.xcconfig; name = "Pods-Wordy.release.xcconfig"; path = "Target Support Files/Pods-Wordy/Pods-Wordy.release.xcconfig"; sourceTree = "<group>"; };
		E8C956E5C5ED6A0A18071179 /* Pods-Wordy.debug.xcconfig */ = {isa = PBXFileReference; includeInIndex = 1; lastKnownFileType = text.xcconfig; name = "Pods-Wordy.debug.xcconfig"; path = "Target Support Files/Pods-Wordy/Pods-Wordy.debug.xcconfig"; sourceTree = "<group>"; };
		F2E0DCB96190B4968409C2E7 /* Pods_Wordy.framework */ = {isa = PBXFileReference; explicitFileType = wrapper.framework; includeInIndex = 0; path = Pods_Wordy.framework; sourceTree = BUILT_PRODUCTS_DIR; };
/* End PBXFileReference section */

/* Begin PBXFrameworksBuildPhase section */
		019056322944A7140058B566 /* Frameworks */ = {
			isa = PBXFrameworksBuildPhase;
			buildActionMask = 2147483647;
			files = (
				012C3E4D2ACC7364008945CD /* FirebaseAnalytics in Frameworks */,
				012C3E692ACC7364008945CD /* FirebaseStorageCombine-Community in Frameworks */,
				0109D19A2AB6E91800714E55 /* ApphudSDK in Frameworks */,
				010C7E9129AE7EA900133179 /* MCEmojiPicker in Frameworks */,
				012C3E5D2ACC7364008945CD /* FirebaseFirestoreCombine-Community in Frameworks */,
				0113F9592A96799800566EAC /* SwiftUITooltip in Frameworks */,
				012C3E612ACC7364008945CD /* FirebaseInAppMessaging-Beta in Frameworks */,
				012C3E512ACC7364008945CD /* FirebaseAuth in Frameworks */,
				012C3E552ACC7364008945CD /* FirebaseCrashlytics in Frameworks */,
				012C3E652ACC7364008945CD /* FirebaseMessaging in Frameworks */,
				012C3E5F2ACC7364008945CD /* FirebaseFirestoreSwift in Frameworks */,
				012C3E592ACC7364008945CD /* FirebaseDatabaseSwift in Frameworks */,
				012C3E572ACC7364008945CD /* FirebaseDatabase in Frameworks */,
				012C3E4F2ACC7364008945CD /* FirebaseAnalyticsSwift in Frameworks */,
				012C3E672ACC7364008945CD /* FirebaseStorage in Frameworks */,
				0192298A2AC462FE002648C4 /* AppsFlyerLib in Frameworks */,
				54C1456C2198133057B81C76 /* Pods_Wordy.framework in Frameworks */,
				01978FAB294CBCB600B8EFC3 /* Lottie in Frameworks */,
				012C3E532ACC7364008945CD /* FirebaseAuthCombine-Community in Frameworks */,
				012C3E632ACC7364008945CD /* FirebaseInAppMessagingSwift-Beta in Frameworks */,
				012C3E5B2ACC7364008945CD /* FirebaseFirestore in Frameworks */,
			);
			runOnlyForDeploymentPostprocessing = 0;
		};
/* End PBXFrameworksBuildPhase section */

/* Begin PBXGroup section */
		0101955F29646CCC007BDEAB /* Card */ = {
			isa = PBXGroup;
			children = (
				017642422972E7250042DB86 /* WordCardViewModel.swift */,
				0101956029646CD7007BDEAB /* WordCard.swift */,
			);
			path = Card;
			sourceTree = "<group>";
		};
		0101B8AC2AA0D40C0055DEFB /* MyTooltip */ = {
			isa = PBXGroup;
			children = (
				0101B8AA2AA0D38D0055DEFB /* MyTooltip.swift */,
				0101B8AD2AA0D4260055DEFB /* MyTooltipConfig.swift */,
				0101B8AF2AA0D45B0055DEFB /* MyTooltipSide.swift */,
				0101B8B12AA0D54B0055DEFB /* MyArrowShape.swift */,
				0101B8B32AA0D5680055DEFB /* MyCurveInArrowShape.swift */,
				0101B8B52AA0D5A00055DEFB /* MyDefaultTooltipConfig.swift */,
			);
			path = MyTooltip;
			sourceTree = "<group>";
		};
		0103FF46294C501B004C2EA6 /* Auth */ = {
			isa = PBXGroup;
			children = (
				0103FF49294C58A9004C2EA6 /* AuthViewModel.swift */,
				0103FF47294C5035004C2EA6 /* AuthPage.swift */,
			);
			path = Auth;
			sourceTree = "<group>";
		};
		011B138A29FBB7F200D4CCBF /* GroupsEditingPage */ = {
			isa = PBXGroup;
			children = (
				011B138B29FBB81B00D4CCBF /* GroupsEditingPage.swift */,
			);
			path = GroupsEditingPage;
			sourceTree = "<group>";
		};
		011B138F2A001DA600D4CCBF /* SignInWithApple */ = {
			isa = PBXGroup;
			children = (
				011B138D2A00176B00D4CCBF /* SignInWithApple.swift */,
				011B13902A001DB300D4CCBF /* SignInWithAppleDelegates.swift */,
			);
			path = SignInWithApple;
			sourceTree = "<group>";
		};
		012D95B529485EEC00165DAF /* Fonts */ = {
			isa = PBXGroup;
			children = (
				019229902AC7095B002648C4 /* ShortStack-Regular.ttf */,
				012D95BF29485F2500165DAF /* SF-Pro-Display-Black.otf */,
				012D95BA29485F2400165DAF /* SF-Pro-Display-BlackItalic.otf */,
				012D95C629485F2500165DAF /* SF-Pro-Display-Bold.otf */,
				012D95BD29485F2500165DAF /* SF-Pro-Display-BoldItalic.otf */,
				012D95C129485F2500165DAF /* SF-Pro-Display-Heavy.otf */,
				012D95C429485F2500165DAF /* SF-Pro-Display-HeavyItalic.otf */,
				012D95BC29485F2500165DAF /* SF-Pro-Display-Light.otf */,
				012D95B929485F2400165DAF /* SF-Pro-Display-LightItalic.otf */,
				012D95B729485F2400165DAF /* SF-Pro-Display-Medium.otf */,
				012D95B629485F2400165DAF /* SF-Pro-Display-MediumItalic.otf */,
				012D95BB29485F2400165DAF /* SF-Pro-Display-Regular.otf */,
				012D95B829485F2400165DAF /* SF-Pro-Display-RegularItalic.otf */,
				012D95C529485F2500165DAF /* SF-Pro-Display-Semibold.otf */,
				012D95C729485F2500165DAF /* SF-Pro-Display-SemiboldItalic.otf */,
				012D95C829485F2500165DAF /* SF-Pro-Display-Thin.otf */,
				012D95C229485F2500165DAF /* SF-Pro-Display-ThinItalic.otf */,
				012D95BE29485F2500165DAF /* SF-Pro-Display-Ultralight.otf */,
				012D95C929485F2500165DAF /* SF-Pro-Display-UltralightItalic.otf */,
				012D95C329485F2500165DAF /* SF-Pro-Text-Bold.otf */,
				012D95C029485F2500165DAF /* SF-Pro-Text-BoldItalic.otf */,
			);
			path = Fonts;
			sourceTree = "<group>";
		};
		0135E24D295B643E00B1C8A0 /* Models */ = {
			isa = PBXGroup;
			children = (
				CE5276482ADAD7BE009F30FB /* NetworkModels */,
				0135E24E295B645300B1C8A0 /* Module.swift */,
				017642442972EB920042DB86 /* Phrase.swift */,
				019160BD29D2D0360094F36D /* Group.swift */,
				0109D19B2AB8886600714E55 /* ColorTheme.swift */,
				CE272E1D2B067A6400B2B1E8 /* Notification.swift */,
			);
			path = Models;
			sourceTree = "<group>";
		};
		013D97752A434A0200F03AF7 /* Paywall */ = {
			isa = PBXGroup;
			children = (
				013D97782A49BDF100F03AF7 /* PaywallViewModel.swift */,
				013D97762A434A1B00F03AF7 /* Paywall.swift */,
			);
			path = Paywall;
			sourceTree = "<group>";
		};
		014681112955FF5C0080732C /* CreateModuleCard */ = {
			isa = PBXGroup;
			children = (
				014681122955FF9C0080732C /* CreateModuleCard.swift */,
				01468114295602290080732C /* InputRoundedTextArea.swift */,
			);
			path = CreateModuleCard;
			sourceTree = "<group>";
		};
		014681162956E9130080732C /* CreateModule */ = {
			isa = PBXGroup;
			children = (
				0146810F2955FADD0080732C /* CreateModuleView.swift */,
				014681112955FF5C0080732C /* CreateModuleCard */,
			);
			path = CreateModule;
			sourceTree = "<group>";
		};
		014B767A29E0387D0044DF87 /* LearnPage */ = {
			isa = PBXGroup;
			children = (
				014B767E29E03B750044DF87 /* LearnSelectionPageViewModel.swift */,
				014B767C29E038D10044DF87 /* LearnSelectionPage.swift */,
			);
			path = LearnPage;
			sourceTree = "<group>";
		};
		015713952964604A0022E1FA /* ModuleScreen */ = {
			isa = PBXGroup;
			children = (
				0101955F29646CCC007BDEAB /* Card */,
				014A46512964646300E43508 /* ModuleScreenViewModel.swift */,
				015713962964607E0022E1FA /* ModuleScreen.swift */,
			);
			path = ModuleScreen;
			sourceTree = "<group>";
		};
		015CB51D299437F40088A1FC /* WordsCarousel */ = {
			isa = PBXGroup;
			children = (
				015CB520299438270088A1FC /* WordsCarouselViewModel.swift */,
				015CB51E2994381B0088A1FC /* WordsCarouselView.swift */,
			);
			path = WordsCarousel;
			sourceTree = "<group>";
		};
		016141CF2A0D681C009A9A8F /* OnboardingPage */ = {
			isa = PBXGroup;
			children = (
				016141D22A0D695F009A9A8F /* SelectLanguageViewModel.swift */,
				016141D02A0D6847009A9A8F /* SelectLanguagePage.swift */,
				01E984D82A17D1DA009D889F /* OnboardingPage.swift */,
			);
			path = OnboardingPage;
			sourceTree = "<group>";
		};
		016817FD2969B06E00F30E39 /* Alert */ = {
			isa = PBXGroup;
			children = (
				016817FE2969B0B400F30E39 /* Alert.swift */,
			);
			path = Alert;
			sourceTree = "<group>";
		};
		016AA3A4294754C3002C00CC /* Card */ = {
			isa = PBXGroup;
			children = (
				016AA3A52947550D002C00CC /* ModuleCard.swift */,
				016AA3AC29477E40002C00CC /* RoundedTextArea.swift */,
			);
			path = Card;
			sourceTree = "<group>";
		};
		017642482972FCB30042DB86 /* Helpers */ = {
			isa = PBXGroup;
			children = (
				0109D19D2AB88F0C00714E55 /* Themes.swift */,
				017642492972FCC10042DB86 /* Constants.swift */,
				01DC12C92A153605007BF79E /* Languages.swift */,
			);
			path = Helpers;
			sourceTree = "<group>";
		};
		01780D2A294A10EF004F11AC /* Extensions */ = {
			isa = PBXGroup;
			children = (
				01780D2B294A110A004F11AC /* ReverseMask.swift */,
				0103FF4F294C7FFA004C2EA6 /* String.swift */,
				01D2F1BD294CE468000330A8 /* View + Modifiers.swift */,
				013251DF296B034900B071F1 /* UIApplication + hideKeyboard.swift */,
				017642462972EEF30042DB86 /* Date.swift */,
				0176424B29744BC90042DB86 /* DateFormatter.swift */,
				0110F710297EECD2007F26BC /* NavigationView.swift */,
				014955A929E85946000BC30F /* Vibration.swift */,
			);
			path = Extensions;
			sourceTree = "<group>";
		};
		017A6F722969CEF0001C1855 /* AddNewPhrase */ = {
			isa = PBXGroup;
			children = (
				01770EC7296AB27500578F81 /* AddNewPhraseViewModel.swift */,
				017A6F732969CF4B001C1855 /* AddNewPhrase.swift */,
				CE52764B2ADAE80A009F30FB /* BadgeBackground.swift */,
			);
			path = AddNewPhrase;
			sourceTree = "<group>";
		};
		0185B55C2949F24600934373 /* Custom */ = {
			isa = PBXGroup;
			children = (
				0101B8AC2AA0D40C0055DEFB /* MyTooltip */,
				011B138F2A001DA600D4CCBF /* SignInWithApple */,
				0185B55E2949F26D00934373 /* ObservableScrollView.swift */,
				01F57695294A4F2E00F52EB1 /* VisualEffectView.swift */,
				01B59DF72AA23CEC003115E6 /* TooltipView.swift */,
				019229862AC44BB3002648C4 /* EmptyBGView.swift */,
			);
			path = Custom;
			sourceTree = "<group>";
		};
		0190562C2944A7140058B566 = {
			isa = PBXGroup;
			children = (
				CECE48BA2AFF9F8E002E5507 /* notificationSound3.m4r */,
				CECE48B82AFF9E99002E5507 /* notificationSound2.m4r */,
				CECE48B62AFF9D81002E5507 /* notificationSound1.m4r */,
				CECE48BC2B00EAD7002E5507 /* successFinishedLearning.m4r */,
				CECE48C22B00F9E4002E5507 /* successFinishedLearning2.m4r */,
				CECE48C42B00FB5E002E5507 /* correctChose.m4r */,
				019AC10E2AB43F3B00B31E8F /* GoogleService-Info.plist */,
				019056542944C7200058B566 /* swiftgen.yml */,
				0190564E2944AC1E0058B566 /* SwiftGen */,
				CECE48C12B00F17F002E5507 /* Sounds */,
				019056372944A7140058B566 /* Wordy */,
				019056362944A7140058B566 /* Products */,
				A4C363FE6EDFA8970F462691 /* Pods */,
				996EE3CBDF6CC2D7A12B7F3D /* Frameworks */,
			);
			sourceTree = "<group>";
		};
		019056362944A7140058B566 /* Products */ = {
			isa = PBXGroup;
			children = (
				019056352944A7140058B566 /* Wordy.app */,
			);
			name = Products;
			sourceTree = "<group>";
		};
		019056372944A7140058B566 /* Wordy */ = {
			isa = PBXGroup;
			children = (
				0109D1972AB5D7FC00714E55 /* Info.plist */,
				0130B01B2A0A57E9001391FC /* Wordy.entitlements */,
				019056382944A7140058B566 /* WordyApp.swift */,
				0103FF4D294C76CB004C2EA6 /* StartView.swift */,
				CE9299502B0FB7B900E24C7E /* StartViewModel.swift */,
				0103FF55294C9E75004C2EA6 /* Router.swift */,
				0135E24D295B643E00B1C8A0 /* Models */,
				019056462944A8450058B566 /* Pages */,
				0190563E2944A7170058B566 /* Preview Content */,
				0185B55C2949F24600934373 /* Custom */,
				017642482972FCB30042DB86 /* Helpers */,
				01780D2A294A10EF004F11AC /* Extensions */,
				01E4B757294B114700720BE0 /* Managers */,
				01978FAC294CBD4500B8EFC3 /* ActivityView */,
				0192298D2AC7053B002648C4 /* LaunchScreen */,
				0190564A2944AA5C0058B566 /* Resources */,
			);
			path = Wordy;
			sourceTree = "<group>";
		};
		0190563E2944A7170058B566 /* Preview Content */ = {
			isa = PBXGroup;
			children = (
				0190563F2944A7170058B566 /* Preview Assets.xcassets */,
			);
			path = "Preview Content";
			sourceTree = "<group>";
		};
		019056462944A8450058B566 /* Pages */ = {
			isa = PBXGroup;
			children = (
				01E033182AD016D800A3DA14 /* SharedModulePage */,
				013D97752A434A0200F03AF7 /* Paywall */,
				01F01B6D29F02F7100742DF3 /* PhraseEditPage */,
				014B767A29E0387D0044DF87 /* LearnPage */,
				019160BA29D0989C0094F36D /* ModuleSelectPage */,
				015CB51D299437F40088A1FC /* WordsCarousel */,
				017A6F722969CEF0001C1855 /* AddNewPhrase */,
				016817FD2969B06E00F30E39 /* Alert */,
				015713952964604A0022E1FA /* ModuleScreen */,
				CE1A636F2B1E14E00090850B /* ChangeModulePage */,
				019056472944A8490058B566 /* Modules */,
				01B92B33294F604B00F440EE /* Settings */,
				011B138A29FBB7F200D4CCBF /* GroupsEditingPage */,
				0103FF46294C501B004C2EA6 /* Auth */,
				016141CF2A0D681C009A9A8F /* OnboardingPage */,
			);
			path = Pages;
			sourceTree = "<group>";
		};
		019056472944A8490058B566 /* Modules */ = {
			isa = PBXGroup;
			children = (
				01F708B929B6571600585B2E /* NewCategoryCard */,
				014681162956E9130080732C /* CreateModule */,
				01D2F1BF294CEAAA000330A8 /* CategoryCard */,
				016AA3A4294754C3002C00CC /* Card */,
				019056482944A85E0058B566 /* Modules.swift */,
				CEC18A252AD163BB00825749 /* NewModulesScreen.swift */,
				01FB3A7F29505E5100330DDE /* SearchTextField.swift */,
				013E64AD2950B281002A85E2 /* CreateModuleButton.swift */,
			);
			path = Modules;
			sourceTree = "<group>";
		};
		0190564A2944AA5C0058B566 /* Resources */ = {
			isa = PBXGroup;
			children = (
				CE7C1DAA2B08D4C800DEB265 /* Images */,
				CE7C1DA92B08D49200DEB265 /* Colors */,
				CECE48BE2B00EDE9002E5507 /* Sounds */,
				01978FAF294CBEE600B8EFC3 /* Lottie */,
				012D95B529485EEC00165DAF /* Fonts */,
				0190564B2944AA700058B566 /* .gitignore */,
				01897C052A17DCC3007F6A2C /* Localizable.strings */,
			);
			path = Resources;
			sourceTree = "<group>";
		};
		0190564E2944AC1E0058B566 /* SwiftGen */ = {
			isa = PBXGroup;
			children = (
				0190564F2944AC240058B566 /* Generated */,
			);
			path = SwiftGen;
			sourceTree = "<group>";
		};
		0190564F2944AC240058B566 /* Generated */ = {
			isa = PBXGroup;
			children = (
				012D95E4294867E600165DAF /* Fonts+Generated.swift */,
				012D95CA29485FD300165DAF /* XCAssets+Generated.swift */,
			);
			path = Generated;
			sourceTree = "<group>";
		};
		019160BA29D0989C0094F36D /* ModuleSelectPage */ = {
			isa = PBXGroup;
			children = (
				019160BB29D098DD0094F36D /* ModuleSelectPage.swift */,
			);
			path = ModuleSelectPage;
			sourceTree = "<group>";
		};
		0192298D2AC7053B002648C4 /* LaunchScreen */ = {
			isa = PBXGroup;
			children = (
				0192298E2AC7055D002648C4 /* Launch Screen.storyboard */,
			);
			path = LaunchScreen;
			sourceTree = "<group>";
		};
		01978FAC294CBD4500B8EFC3 /* ActivityView */ = {
			isa = PBXGroup;
			children = (
				01978FB2294CBF6600B8EFC3 /* LottieView.swift */,
			);
			path = ActivityView;
			sourceTree = "<group>";
		};
		01978FAF294CBEE600B8EFC3 /* Lottie */ = {
			isa = PBXGroup;
			children = (
				01B59DF92AA24B1B003115E6 /* onboarding.json */,
				01770ECB296AF05100578F81 /* addWordLoader.json */,
				01978FB6294CC92100B8EFC3 /* loader.json */,
				014955A529E84DD8000BC30F /* success.json */,
				014955A729E855FE000BC30F /* congeralations.json */,
			);
			path = Lottie;
			sourceTree = "<group>";
		};
		019AC1102AB4E5E600B31E8F /* TranslatingResponse */ = {
			isa = PBXGroup;
			children = (
				019AC1112AB4E60400B31E8F /* TranlatingResponse.swift */,
			);
			path = TranslatingResponse;
			sourceTree = "<group>";
		};
		01B92B33294F604B00F440EE /* Settings */ = {
			isa = PBXGroup;
			children = (
				0192298B2AC48E5A002648C4 /* SettingsDelegate.swift */,
				01B92B34294F606000F440EE /* Settings.swift */,
				CE41A7FB2AE3D025002E9E4A /* TimeIntervalView */,
			);
			path = Settings;
			sourceTree = "<group>";
		};
		01D2F1BF294CEAAA000330A8 /* CategoryCard */ = {
			isa = PBXGroup;
			children = (
				01D2F1C0294CEAD5000330A8 /* CategoryCard.swift */,
			);
			path = CategoryCard;
			sourceTree = "<group>";
		};
		01E033182AD016D800A3DA14 /* SharedModulePage */ = {
			isa = PBXGroup;
			children = (
				01E033192AD016F500A3DA14 /* SharedModulePage.swift */,
			);
			path = SharedModulePage;
			sourceTree = "<group>";
		};
		01E4B757294B114700720BE0 /* Managers */ = {
			isa = PBXGroup;
			children = (
				01E4B758294B119800720BE0 /* NetworkManager.swift */,
				CE92994E2B0FAF9B00E24C7E /* NetworkConnectionManager.swift */,
				01D89B1D2AC961390077FD6E /* SubscriptionManager.swift */,
				CE6BD5AF2AFBCF4900C4379F /* PrePaywallManager.swift */,
				0103FF4B294C7471004C2EA6 /* UserDefaultsManager.swift */,
				0103FF51294C86F5004C2EA6 /* ErrorCodeManager.swift */,
				0101B8A82AA0CB060055DEFB /* MockDataManager.swift */,
				0101B8B72AA0DD890055DEFB /* OnboardingManager.swift */,
				0109D19F2AB8948100714E55 /* ThemeManager.swift */,
				01E033162AD0104B00A3DA14 /* DeeplinkManager.swift */,
			);
			path = Managers;
			sourceTree = "<group>";
		};
		01F01B6D29F02F7100742DF3 /* PhraseEditPage */ = {
			isa = PBXGroup;
			children = (
				01F01B7029F0301F00742DF3 /* PhraseEditViewModel.swift */,
				01F01B6E29F02F8D00742DF3 /* PhraseEditPage.swift */,
			);
			path = PhraseEditPage;
			sourceTree = "<group>";
		};
		01F708B929B6571600585B2E /* NewCategoryCard */ = {
			isa = PBXGroup;
			children = (
				01F708BA29B6573F00585B2E /* NewCategoryCard.swift */,
			);
			path = NewCategoryCard;
			sourceTree = "<group>";
		};
		996EE3CBDF6CC2D7A12B7F3D /* Frameworks */ = {
			isa = PBXGroup;
			children = (
				F2E0DCB96190B4968409C2E7 /* Pods_Wordy.framework */,
			);
			name = Frameworks;
			sourceTree = "<group>";
		};
		A4C363FE6EDFA8970F462691 /* Pods */ = {
			isa = PBXGroup;
			children = (
				E8C956E5C5ED6A0A18071179 /* Pods-Wordy.debug.xcconfig */,
				DF01A188026EA0C8921A4D0E /* Pods-Wordy.release.xcconfig */,
			);
			path = Pods;
			sourceTree = "<group>";
		};
		CE1A636F2B1E14E00090850B /* ChangeModulePage */ = {
			isa = PBXGroup;
			children = (
				CE1A63702B1E150F0090850B /* ChangeModulePage.swift */,
			);
			path = ChangeModulePage;
			sourceTree = "<group>";
		};
		CE41A7FB2AE3D025002E9E4A /* TimeIntervalView */ = {
			isa = PBXGroup;
			children = (
				CE41A7FE2AE3D058002E9E4A /* TimeIntervalViewModel.swift */,
				CE41A7FC2AE3D03C002E9E4A /* TimeIntervalView.swift */,
			);
			path = TimeIntervalView;
			sourceTree = "<group>";
		};
		CE5276482ADAD7BE009F30FB /* NetworkModels */ = {
			isa = PBXGroup;
			children = (
				019AC1102AB4E5E600B31E8F /* TranslatingResponse */,
				CE5276492ADAD7D9009F30FB /* ExampleCreatingResponse.swift */,
			);
			path = NetworkModels;
			sourceTree = "<group>";
		};
		CE7C1DA92B08D49200DEB265 /* Colors */ = {
			isa = PBXGroup;
			children = (
				019056552944D0DE0058B566 /* Colors.xcassets */,
				01DEA5072AB8C90300A8074D /* Colors2.xcassets */,
				018D01462ABF1793008297CA /* Colors3.xcassets */,
				CECE48C82B010C1B002E5507 /* Colors4.xcassets */,
				CE7C1DA52B08D41E00DEB265 /* Colors5.xcassets */,
				CE7C1DAD2B08E1B900DEB265 /* Colors6.xcassets */,
			);
			path = Colors;
			sourceTree = "<group>";
		};
		CE7C1DAA2B08D4C800DEB265 /* Images */ = {
			isa = PBXGroup;
			children = (
				0190563C2944A7170058B566 /* Images.xcassets */,
				01DEA5092AB8CF3500A8074D /* Images2.xcassets */,
				018D01482ABF179E008297CA /* Images3.xcassets */,
				CE7C1DA72B08D42800DEB265 /* Images4.xcassets */,
				CECE48CA2B010C3D002E5507 /* Images5.xcassets */,
				CE7C1DAB2B08E1AA00DEB265 /* Images6.xcassets */,
			);
			path = Images;
			sourceTree = "<group>";
		};
		CECE48BE2B00EDE9002E5507 /* Sounds */ = {
			isa = PBXGroup;
			children = (
			);
			path = Sounds;
			sourceTree = "<group>";
		};
		CECE48C12B00F17F002E5507 /* Sounds */ = {
			isa = PBXGroup;
			children = (
			);
			path = Sounds;
			sourceTree = "<group>";
		};
/* End PBXGroup section */

/* Begin PBXNativeTarget section */
		019056342944A7140058B566 /* Wordy */ = {
			isa = PBXNativeTarget;
			buildConfigurationList = 019056432944A7170058B566 /* Build configuration list for PBXNativeTarget "Wordy" */;
			buildPhases = (
				88A0E1BC97F8B602CF863F7F /* [CP] Check Pods Manifest.lock */,
				0190564D2944ABA70058B566 /* SwiftGen */,
				019056312944A7140058B566 /* Sources */,
				019056322944A7140058B566 /* Frameworks */,
				019056332944A7140058B566 /* Resources */,
			);
			buildRules = (
			);
			dependencies = (
			);
			name = Wordy;
			packageProductDependencies = (
				01978FAA294CBCB600B8EFC3 /* Lottie */,
				010C7E9029AE7EA900133179 /* MCEmojiPicker */,
				0113F9582A96799800566EAC /* SwiftUITooltip */,
				0109D1992AB6E91800714E55 /* ApphudSDK */,
				019229892AC462FE002648C4 /* AppsFlyerLib */,
				012C3E4C2ACC7364008945CD /* FirebaseAnalytics */,
				012C3E4E2ACC7364008945CD /* FirebaseAnalyticsSwift */,
				012C3E502ACC7364008945CD /* FirebaseAuth */,
				012C3E522ACC7364008945CD /* FirebaseAuthCombine-Community */,
				012C3E542ACC7364008945CD /* FirebaseCrashlytics */,
				012C3E562ACC7364008945CD /* FirebaseDatabase */,
				012C3E582ACC7364008945CD /* FirebaseDatabaseSwift */,
				012C3E5A2ACC7364008945CD /* FirebaseFirestore */,
				012C3E5C2ACC7364008945CD /* FirebaseFirestoreCombine-Community */,
				012C3E5E2ACC7364008945CD /* FirebaseFirestoreSwift */,
				012C3E602ACC7364008945CD /* FirebaseInAppMessaging-Beta */,
				012C3E622ACC7364008945CD /* FirebaseInAppMessagingSwift-Beta */,
				012C3E642ACC7364008945CD /* FirebaseMessaging */,
				012C3E662ACC7364008945CD /* FirebaseStorage */,
				012C3E682ACC7364008945CD /* FirebaseStorageCombine-Community */,
			);
			productName = Wordy;
			productReference = 019056352944A7140058B566 /* Wordy.app */;
			productType = "com.apple.product-type.application";
		};
/* End PBXNativeTarget section */

/* Begin PBXProject section */
		0190562D2944A7140058B566 /* Project object */ = {
			isa = PBXProject;
			attributes = {
				BuildIndependentTargetsInParallel = 1;
				LastSwiftUpdateCheck = 1410;
				LastUpgradeCheck = 1410;
				TargetAttributes = {
					019056342944A7140058B566 = {
						CreatedOnToolsVersion = 14.1;
					};
				};
			};
			buildConfigurationList = 019056302944A7140058B566 /* Build configuration list for PBXProject "Wordy" */;
			compatibilityVersion = "Xcode 14.0";
			developmentRegion = en;
			hasScannedForEncodings = 0;
			knownRegions = (
				en,
				Base,
				ru,
			);
			mainGroup = 0190562C2944A7140058B566;
			packageReferences = (
				01978FA9294CBCB600B8EFC3 /* XCRemoteSwiftPackageReference "lottie-ios" */,
				010C7E8F29AE7EA900133179 /* XCRemoteSwiftPackageReference "MCEmojiPicker" */,
				0113F9572A96799800566EAC /* XCRemoteSwiftPackageReference "SwiftUI-Tooltip" */,
				0109D1982AB6E91800714E55 /* XCRemoteSwiftPackageReference "ApphudSDK" */,
				019229882AC462FE002648C4 /* XCRemoteSwiftPackageReference "AppsFlyerFramework" */,
				012C3E4B2ACC7363008945CD /* XCRemoteSwiftPackageReference "firebase-ios-sdk" */,
			);
			productRefGroup = 019056362944A7140058B566 /* Products */;
			projectDirPath = "";
			projectRoot = "";
			targets = (
				019056342944A7140058B566 /* Wordy */,
			);
		};
/* End PBXProject section */

/* Begin PBXResourcesBuildPhase section */
		019056332944A7140058B566 /* Resources */ = {
			isa = PBXResourcesBuildPhase;
			buildActionMask = 2147483647;
			files = (
				CE7C1DAE2B08E1B900DEB265 /* Colors6.xcassets in Resources */,
				012D95D3294867DA00165DAF /* SF-Pro-Display-Medium.otf in Resources */,
				012D95D6294867DA00165DAF /* SF-Pro-Display-Regular.otf in Resources */,
				01DEA50A2AB8CF3500A8074D /* Images2.xcassets in Resources */,
				019056402944A7170058B566 /* Preview Assets.xcassets in Resources */,
				CECE48BD2B00EAD8002E5507 /* successFinishedLearning.m4r in Resources */,
				01978FB7294CC92200B8EFC3 /* loader.json in Resources */,
				018D01472ABF1793008297CA /* Colors3.xcassets in Resources */,
				CE7C1DA62B08D41E00DEB265 /* Colors5.xcassets in Resources */,
				012D95E2294867DA00165DAF /* SF-Pro-Display-SemiboldItalic.otf in Resources */,
				01B59DFA2AA24B1B003115E6 /* onboarding.json in Resources */,
				012D95D5294867DA00165DAF /* SF-Pro-Display-LightItalic.otf in Resources */,
				018D01492ABF179E008297CA /* Images3.xcassets in Resources */,
				012D95E0294867DA00165DAF /* SF-Pro-Display-MediumItalic.otf in Resources */,
				014955A829E855FE000BC30F /* congeralations.json in Resources */,
				012D95D7294867DA00165DAF /* SF-Pro-Display-ThinItalic.otf in Resources */,
				019056562944D0DE0058B566 /* Colors.xcassets in Resources */,
				012D95DD294867DA00165DAF /* SF-Pro-Display-Semibold.otf in Resources */,
				012D95DB294867DA00165DAF /* SF-Pro-Display-Bold.otf in Resources */,
				012D95D2294867DA00165DAF /* SF-Pro-Display-BlackItalic.otf in Resources */,
				CECE48CB2B010C3D002E5507 /* Images5.xcassets in Resources */,
				019229912AC7095B002648C4 /* ShortStack-Regular.ttf in Resources */,
				012D95E3294867DA00165DAF /* SF-Pro-Display-Heavy.otf in Resources */,
				019AC10F2AB43F3B00B31E8F /* GoogleService-Info.plist in Resources */,
				01DEA5082AB8C90300A8074D /* Colors2.xcassets in Resources */,
				CECE48C92B010C1B002E5507 /* Colors4.xcassets in Resources */,
				012D95DE294867DA00165DAF /* SF-Pro-Display-Light.otf in Resources */,
				CECE48C32B00F9E5002E5507 /* successFinishedLearning2.m4r in Resources */,
				012D95D8294867DA00165DAF /* SF-Pro-Display-BoldItalic.otf in Resources */,
				01770ECC296AF05200578F81 /* addWordLoader.json in Resources */,
				012D95D1294867DA00165DAF /* SF-Pro-Display-Thin.otf in Resources */,
				012D95D9294867DA00165DAF /* SF-Pro-Display-Ultralight.otf in Resources */,
				012D95D0294867D600165DAF /* SF-Pro-Display-Black.otf in Resources */,
				012D95DA294867DA00165DAF /* SF-Pro-Text-Bold.otf in Resources */,
				CE7C1DA82B08D42800DEB265 /* Images4.xcassets in Resources */,
				012D95E1294867DA00165DAF /* SF-Pro-Text-BoldItalic.otf in Resources */,
				0190564C2944AA710058B566 /* .gitignore in Resources */,
				CECE48B92AFF9E9A002E5507 /* notificationSound2.m4r in Resources */,
				012D95DC294867DA00165DAF /* SF-Pro-Display-RegularItalic.otf in Resources */,
				CECE48C52B00FB5F002E5507 /* correctChose.m4r in Resources */,
				0192298F2AC7055D002648C4 /* Launch Screen.storyboard in Resources */,
				CE7C1DAC2B08E1AA00DEB265 /* Images6.xcassets in Resources */,
				01897C032A17DCC3007F6A2C /* Localizable.strings in Resources */,
				012D95D4294867DA00165DAF /* SF-Pro-Display-HeavyItalic.otf in Resources */,
				CECE48BB2AFF9F8F002E5507 /* notificationSound3.m4r in Resources */,
				CECE48B72AFF9D82002E5507 /* notificationSound1.m4r in Resources */,
				014955A629E84DD8000BC30F /* success.json in Resources */,
				0190563D2944A7170058B566 /* Images.xcassets in Resources */,
				012D95DF294867DA00165DAF /* SF-Pro-Display-UltralightItalic.otf in Resources */,
			);
			runOnlyForDeploymentPostprocessing = 0;
		};
/* End PBXResourcesBuildPhase section */

/* Begin PBXShellScriptBuildPhase section */
		0190564D2944ABA70058B566 /* SwiftGen */ = {
			isa = PBXShellScriptBuildPhase;
			buildActionMask = 2147483647;
			files = (
			);
			inputFileListPaths = (
			);
			inputPaths = (
			);
			name = SwiftGen;
			outputFileListPaths = (
			);
			outputPaths = (
			);
			runOnlyForDeploymentPostprocessing = 0;
			shellPath = /bin/sh;
			shellScript = "if [[ -f \"${PODS_ROOT}/SwiftGen/bin/swiftgen\" ]]; then\n  \"${PODS_ROOT}/SwiftGen/bin/swiftgen\"\nelse\n  echo \"warning: SwiftGen is not installed. Run 'pod install --repo-update' to install it.\"\nfi \n";
		};
		88A0E1BC97F8B602CF863F7F /* [CP] Check Pods Manifest.lock */ = {
			isa = PBXShellScriptBuildPhase;
			buildActionMask = 2147483647;
			files = (
			);
			inputFileListPaths = (
			);
			inputPaths = (
				"${PODS_PODFILE_DIR_PATH}/Podfile.lock",
				"${PODS_ROOT}/Manifest.lock",
			);
			name = "[CP] Check Pods Manifest.lock";
			outputFileListPaths = (
			);
			outputPaths = (
				"$(DERIVED_FILE_DIR)/Pods-Wordy-checkManifestLockResult.txt",
			);
			runOnlyForDeploymentPostprocessing = 0;
			shellPath = /bin/sh;
			shellScript = "diff \"${PODS_PODFILE_DIR_PATH}/Podfile.lock\" \"${PODS_ROOT}/Manifest.lock\" > /dev/null\nif [ $? != 0 ] ; then\n    # print error to STDERR\n    echo \"error: The sandbox is not in sync with the Podfile.lock. Run 'pod install' or update your CocoaPods installation.\" >&2\n    exit 1\nfi\n# This output is used by Xcode 'outputs' to avoid re-running this script phase.\necho \"SUCCESS\" > \"${SCRIPT_OUTPUT_FILE_0}\"\n";
			showEnvVarsInLog = 0;
		};
/* End PBXShellScriptBuildPhase section */

/* Begin PBXSourcesBuildPhase section */
		019056312944A7140058B566 /* Sources */ = {
			isa = PBXSourcesBuildPhase;
			buildActionMask = 2147483647;
			files = (
				01770EC8296AB27600578F81 /* AddNewPhraseViewModel.swift in Sources */,
				0176424A2972FCC10042DB86 /* Constants.swift in Sources */,
				013D97792A49BDF100F03AF7 /* PaywallViewModel.swift in Sources */,
				CE52764C2ADAE80A009F30FB /* BadgeBackground.swift in Sources */,
				CE41A7FF2AE3D058002E9E4A /* TimeIntervalViewModel.swift in Sources */,
				013D97772A434A1B00F03AF7 /* Paywall.swift in Sources */,
				0110F711297EECD2007F26BC /* NavigationView.swift in Sources */,
				0101B8AE2AA0D4260055DEFB /* MyTooltipConfig.swift in Sources */,
				0103FF48294C5035004C2EA6 /* AuthPage.swift in Sources */,
				014681132955FF9C0080732C /* CreateModuleCard.swift in Sources */,
				014A46522964646300E43508 /* ModuleScreenViewModel.swift in Sources */,
				017A6F742969CF4B001C1855 /* AddNewPhrase.swift in Sources */,
				017642432972E7250042DB86 /* WordCardViewModel.swift in Sources */,
				019AC1122AB4E60500B31E8F /* TranlatingResponse.swift in Sources */,
				01978FB3294CBF6600B8EFC3 /* LottieView.swift in Sources */,
				019229872AC44BB3002648C4 /* EmptyBGView.swift in Sources */,
				015713972964607E0022E1FA /* ModuleScreen.swift in Sources */,
				0101B8A92AA0CB060055DEFB /* MockDataManager.swift in Sources */,
				011B138E2A00176B00D4CCBF /* SignInWithApple.swift in Sources */,
				013251E0296B034900B071F1 /* UIApplication + hideKeyboard.swift in Sources */,
				0101B8B02AA0D45B0055DEFB /* MyTooltipSide.swift in Sources */,
				0101B8B62AA0D5A00055DEFB /* MyDefaultTooltipConfig.swift in Sources */,
				019056492944A85E0058B566 /* Modules.swift in Sources */,
				0103FF52294C86F5004C2EA6 /* ErrorCodeManager.swift in Sources */,
				0103FF56294C9E75004C2EA6 /* Router.swift in Sources */,
				0109D19E2AB88F0C00714E55 /* Themes.swift in Sources */,
				01780D2C294A110A004F11AC /* ReverseMask.swift in Sources */,
				0185B55F2949F26D00934373 /* ObservableScrollView.swift in Sources */,
				CEC18A262AD163BB00825749 /* NewModulesScreen.swift in Sources */,
				01D89B1E2AC961390077FD6E /* SubscriptionManager.swift in Sources */,
				CE52764A2ADAD7D9009F30FB /* ExampleCreatingResponse.swift in Sources */,
				01E0331A2AD016F500A3DA14 /* SharedModulePage.swift in Sources */,
				01DC12CA2A153605007BF79E /* Languages.swift in Sources */,
				01E4B759294B119800720BE0 /* NetworkManager.swift in Sources */,
				0101B8B82AA0DD890055DEFB /* OnboardingManager.swift in Sources */,
				01FB3A8029505E5100330DDE /* SearchTextField.swift in Sources */,
				019160BE29D2D0360094F36D /* Group.swift in Sources */,
				0103FF4E294C76CB004C2EA6 /* StartView.swift in Sources */,
				016AA3AD29477E40002C00CC /* RoundedTextArea.swift in Sources */,
				0192298C2AC48E5A002648C4 /* SettingsDelegate.swift in Sources */,
				0101B8AB2AA0D38D0055DEFB /* MyTooltip.swift in Sources */,
				014681102955FADD0080732C /* CreateModuleView.swift in Sources */,
				01F57696294A4F2E00F52EB1 /* VisualEffectView.swift in Sources */,
				012D95E5294867E600165DAF /* Fonts+Generated.swift in Sources */,
				014955AA29E85946000BC30F /* Vibration.swift in Sources */,
				012D95CB29485FD300165DAF /* XCAssets+Generated.swift in Sources */,
				015CB521299438270088A1FC /* WordsCarouselViewModel.swift in Sources */,
				0103FF4C294C7471004C2EA6 /* UserDefaultsManager.swift in Sources */,
				0101956129646CD7007BDEAB /* WordCard.swift in Sources */,
				016141D32A0D695F009A9A8F /* SelectLanguageViewModel.swift in Sources */,
				019056392944A7140058B566 /* WordyApp.swift in Sources */,
				01F01B6F29F02F8D00742DF3 /* PhraseEditPage.swift in Sources */,
				011B138C29FBB81B00D4CCBF /* GroupsEditingPage.swift in Sources */,
				014B767F29E03B750044DF87 /* LearnSelectionPageViewModel.swift in Sources */,
				01E984D92A17D1DA009D889F /* OnboardingPage.swift in Sources */,
				0101B8B42AA0D5680055DEFB /* MyCurveInArrowShape.swift in Sources */,
				CE41A7FD2AE3D03C002E9E4A /* TimeIntervalView.swift in Sources */,
				01B59DF82AA23CEC003115E6 /* TooltipView.swift in Sources */,
				013E64AE2950B281002A85E2 /* CreateModuleButton.swift in Sources */,
				CE9299512B0FB7B900E24C7E /* StartViewModel.swift in Sources */,
				01468115295602290080732C /* InputRoundedTextArea.swift in Sources */,
				0103FF4A294C58A9004C2EA6 /* AuthViewModel.swift in Sources */,
				0109D19C2AB8886600714E55 /* ColorTheme.swift in Sources */,
				014B767D29E038D10044DF87 /* LearnSelectionPage.swift in Sources */,
				0101B8B22AA0D54C0055DEFB /* MyArrowShape.swift in Sources */,
				016817FF2969B0B400F30E39 /* Alert.swift in Sources */,
				011B13912A001DB300D4CCBF /* SignInWithAppleDelegates.swift in Sources */,
				CE1A63712B1E150F0090850B /* ChangeModulePage.swift in Sources */,
				019160BC29D098DD0094F36D /* ModuleSelectPage.swift in Sources */,
				CE92994F2B0FAF9B00E24C7E /* NetworkConnectionManager.swift in Sources */,
				01F708BB29B6573F00585B2E /* NewCategoryCard.swift in Sources */,
				0109D1A02AB8948100714E55 /* ThemeManager.swift in Sources */,
				0176424C29744BC90042DB86 /* DateFormatter.swift in Sources */,
				01D2F1BE294CE468000330A8 /* View + Modifiers.swift in Sources */,
				017642452972EB920042DB86 /* Phrase.swift in Sources */,
				017642472972EEF30042DB86 /* Date.swift in Sources */,
				01E033172AD0104B00A3DA14 /* DeeplinkManager.swift in Sources */,
				01D2F1C1294CEAD5000330A8 /* CategoryCard.swift in Sources */,
				016141D12A0D6847009A9A8F /* SelectLanguagePage.swift in Sources */,
				0103FF50294C7FFA004C2EA6 /* String.swift in Sources */,
				0135E24F295B645300B1C8A0 /* Module.swift in Sources */,
				01B92B35294F606100F440EE /* Settings.swift in Sources */,
				01F01B7129F0301F00742DF3 /* PhraseEditViewModel.swift in Sources */,
				CE272E1E2B067A6400B2B1E8 /* Notification.swift in Sources */,
				016AA3A62947550D002C00CC /* ModuleCard.swift in Sources */,
				CE6BD5B02AFBCF4900C4379F /* PrePaywallManager.swift in Sources */,
				015CB51F2994381B0088A1FC /* WordsCarouselView.swift in Sources */,
			);
			runOnlyForDeploymentPostprocessing = 0;
		};
/* End PBXSourcesBuildPhase section */

/* Begin PBXVariantGroup section */
		01897C052A17DCC3007F6A2C /* Localizable.strings */ = {
			isa = PBXVariantGroup;
			children = (
				01897C042A17DCC3007F6A2C /* en */,
				01897C062A17DCD5007F6A2C /* ru */,
			);
			name = Localizable.strings;
			sourceTree = "<group>";
		};
/* End PBXVariantGroup section */

/* Begin XCBuildConfiguration section */
		019056412944A7170058B566 /* Debug */ = {
			isa = XCBuildConfiguration;
			buildSettings = {
				ALWAYS_SEARCH_USER_PATHS = NO;
				CLANG_ANALYZER_NONNULL = YES;
				CLANG_ANALYZER_NUMBER_OBJECT_CONVERSION = YES_AGGRESSIVE;
				CLANG_CXX_LANGUAGE_STANDARD = "gnu++20";
				CLANG_ENABLE_MODULES = YES;
				CLANG_ENABLE_OBJC_ARC = YES;
				CLANG_ENABLE_OBJC_WEAK = YES;
				CLANG_WARN_BLOCK_CAPTURE_AUTORELEASING = YES;
				CLANG_WARN_BOOL_CONVERSION = YES;
				CLANG_WARN_COMMA = YES;
				CLANG_WARN_CONSTANT_CONVERSION = YES;
				CLANG_WARN_DEPRECATED_OBJC_IMPLEMENTATIONS = YES;
				CLANG_WARN_DIRECT_OBJC_ISA_USAGE = YES_ERROR;
				CLANG_WARN_DOCUMENTATION_COMMENTS = YES;
				CLANG_WARN_EMPTY_BODY = YES;
				CLANG_WARN_ENUM_CONVERSION = YES;
				CLANG_WARN_INFINITE_RECURSION = YES;
				CLANG_WARN_INT_CONVERSION = YES;
				CLANG_WARN_NON_LITERAL_NULL_CONVERSION = YES;
				CLANG_WARN_OBJC_IMPLICIT_RETAIN_SELF = YES;
				CLANG_WARN_OBJC_LITERAL_CONVERSION = YES;
				CLANG_WARN_OBJC_ROOT_CLASS = YES_ERROR;
				CLANG_WARN_QUOTED_INCLUDE_IN_FRAMEWORK_HEADER = YES;
				CLANG_WARN_RANGE_LOOP_ANALYSIS = YES;
				CLANG_WARN_STRICT_PROTOTYPES = YES;
				CLANG_WARN_SUSPICIOUS_MOVE = YES;
				CLANG_WARN_UNGUARDED_AVAILABILITY = YES_AGGRESSIVE;
				CLANG_WARN_UNREACHABLE_CODE = YES;
				CLANG_WARN__DUPLICATE_METHOD_MATCH = YES;
				COPY_PHASE_STRIP = NO;
				DEBUG_INFORMATION_FORMAT = dwarf;
				ENABLE_STRICT_OBJC_MSGSEND = YES;
				ENABLE_TESTABILITY = YES;
				"EXCLUDED_ARCHS[sdk=iphonesimulator*]" = arm64;
				GCC_C_LANGUAGE_STANDARD = gnu11;
				GCC_DYNAMIC_NO_PIC = NO;
				GCC_NO_COMMON_BLOCKS = YES;
				GCC_OPTIMIZATION_LEVEL = 0;
				GCC_PREPROCESSOR_DEFINITIONS = (
					"DEBUG=1",
					"$(inherited)",
				);
				GCC_WARN_64_TO_32_BIT_CONVERSION = YES;
				GCC_WARN_ABOUT_RETURN_TYPE = YES_ERROR;
				GCC_WARN_UNDECLARED_SELECTOR = YES;
				GCC_WARN_UNINITIALIZED_AUTOS = YES_AGGRESSIVE;
				GCC_WARN_UNUSED_FUNCTION = YES;
				GCC_WARN_UNUSED_VARIABLE = YES;
				IPHONEOS_DEPLOYMENT_TARGET = 14.0;
				MTL_ENABLE_DEBUG_INFO = INCLUDE_SOURCE;
				MTL_FAST_MATH = YES;
				ONLY_ACTIVE_ARCH = YES;
				SDKROOT = iphoneos;
				SWIFT_ACTIVE_COMPILATION_CONDITIONS = DEBUG;
				SWIFT_OPTIMIZATION_LEVEL = "-Onone";
			};
			name = Debug;
		};
		019056422944A7170058B566 /* Release */ = {
			isa = XCBuildConfiguration;
			buildSettings = {
				ALWAYS_SEARCH_USER_PATHS = NO;
				CLANG_ANALYZER_NONNULL = YES;
				CLANG_ANALYZER_NUMBER_OBJECT_CONVERSION = YES_AGGRESSIVE;
				CLANG_CXX_LANGUAGE_STANDARD = "gnu++20";
				CLANG_ENABLE_MODULES = YES;
				CLANG_ENABLE_OBJC_ARC = YES;
				CLANG_ENABLE_OBJC_WEAK = YES;
				CLANG_WARN_BLOCK_CAPTURE_AUTORELEASING = YES;
				CLANG_WARN_BOOL_CONVERSION = YES;
				CLANG_WARN_COMMA = YES;
				CLANG_WARN_CONSTANT_CONVERSION = YES;
				CLANG_WARN_DEPRECATED_OBJC_IMPLEMENTATIONS = YES;
				CLANG_WARN_DIRECT_OBJC_ISA_USAGE = YES_ERROR;
				CLANG_WARN_DOCUMENTATION_COMMENTS = YES;
				CLANG_WARN_EMPTY_BODY = YES;
				CLANG_WARN_ENUM_CONVERSION = YES;
				CLANG_WARN_INFINITE_RECURSION = YES;
				CLANG_WARN_INT_CONVERSION = YES;
				CLANG_WARN_NON_LITERAL_NULL_CONVERSION = YES;
				CLANG_WARN_OBJC_IMPLICIT_RETAIN_SELF = YES;
				CLANG_WARN_OBJC_LITERAL_CONVERSION = YES;
				CLANG_WARN_OBJC_ROOT_CLASS = YES_ERROR;
				CLANG_WARN_QUOTED_INCLUDE_IN_FRAMEWORK_HEADER = YES;
				CLANG_WARN_RANGE_LOOP_ANALYSIS = YES;
				CLANG_WARN_STRICT_PROTOTYPES = YES;
				CLANG_WARN_SUSPICIOUS_MOVE = YES;
				CLANG_WARN_UNGUARDED_AVAILABILITY = YES_AGGRESSIVE;
				CLANG_WARN_UNREACHABLE_CODE = YES;
				CLANG_WARN__DUPLICATE_METHOD_MATCH = YES;
				COPY_PHASE_STRIP = NO;
				DEBUG_INFORMATION_FORMAT = "dwarf-with-dsym";
				ENABLE_NS_ASSERTIONS = NO;
				ENABLE_STRICT_OBJC_MSGSEND = YES;
				GCC_C_LANGUAGE_STANDARD = gnu11;
				GCC_NO_COMMON_BLOCKS = YES;
				GCC_WARN_64_TO_32_BIT_CONVERSION = YES;
				GCC_WARN_ABOUT_RETURN_TYPE = YES_ERROR;
				GCC_WARN_UNDECLARED_SELECTOR = YES;
				GCC_WARN_UNINITIALIZED_AUTOS = YES_AGGRESSIVE;
				GCC_WARN_UNUSED_FUNCTION = YES;
				GCC_WARN_UNUSED_VARIABLE = YES;
				IPHONEOS_DEPLOYMENT_TARGET = 14.0;
				MTL_ENABLE_DEBUG_INFO = NO;
				MTL_FAST_MATH = YES;
				SDKROOT = iphoneos;
				SWIFT_COMPILATION_MODE = wholemodule;
				SWIFT_OPTIMIZATION_LEVEL = "-O";
				VALIDATE_PRODUCT = YES;
			};
			name = Release;
		};
		019056442944A7170058B566 /* Debug */ = {
			isa = XCBuildConfiguration;
			baseConfigurationReference = E8C956E5C5ED6A0A18071179 /* Pods-Wordy.debug.xcconfig */;
			buildSettings = {
				ASSETCATALOG_COMPILER_APPICON_NAME = AppIcon;
				ASSETCATALOG_COMPILER_GLOBAL_ACCENT_COLOR_NAME = AccentColor;
				CODE_SIGN_ENTITLEMENTS = Wordy/Wordy.entitlements;
				CODE_SIGN_STYLE = Automatic;
				CURRENT_PROJECT_VERSION = 1;
				DEVELOPMENT_ASSET_PATHS = "\"Wordy/Preview Content\"";
				DEVELOPMENT_TEAM = 3HWHLG8J3L;
				ENABLE_PREVIEWS = YES;
				"EXCLUDED_ARCHS[sdk=iphonesimulator*]" = "";
				GENERATE_INFOPLIST_FILE = YES;
				INFOPLIST_FILE = Wordy/Info.plist;
				INFOPLIST_KEY_LSApplicationCategoryType = "";
				INFOPLIST_KEY_UIApplicationSceneManifest_Generation = YES;
				INFOPLIST_KEY_UIApplicationSupportsIndirectInputEvents = YES;
				INFOPLIST_KEY_UILaunchStoryboardName = "Launch Screen.storyboard";
				INFOPLIST_KEY_UISupportedInterfaceOrientations_iPad = "UIInterfaceOrientationPortrait UIInterfaceOrientationPortraitUpsideDown UIInterfaceOrientationLandscapeLeft UIInterfaceOrientationLandscapeRight";
				INFOPLIST_KEY_UISupportedInterfaceOrientations_iPhone = UIInterfaceOrientationPortrait;
				IPHONEOS_DEPLOYMENT_TARGET = 15.0;
				LD_RUNPATH_SEARCH_PATHS = (
					"$(inherited)",
					"@executable_path/Frameworks",
				);
				MARKETING_VERSION = 1.0;
				PRODUCT_BUNDLE_IDENTIFIER = app.wordy.wordy;
				PRODUCT_NAME = "$(TARGET_NAME)";
				SWIFT_EMIT_LOC_STRINGS = YES;
				SWIFT_VERSION = 5.0;
				TARGETED_DEVICE_FAMILY = "1,2";
			};
			name = Debug;
		};
		019056452944A7170058B566 /* Release */ = {
			isa = XCBuildConfiguration;
			baseConfigurationReference = DF01A188026EA0C8921A4D0E /* Pods-Wordy.release.xcconfig */;
			buildSettings = {
				ASSETCATALOG_COMPILER_APPICON_NAME = AppIcon;
				ASSETCATALOG_COMPILER_GLOBAL_ACCENT_COLOR_NAME = AccentColor;
				CODE_SIGN_ENTITLEMENTS = Wordy/Wordy.entitlements;
				CODE_SIGN_STYLE = Automatic;
				CURRENT_PROJECT_VERSION = 1;
				DEVELOPMENT_ASSET_PATHS = "\"Wordy/Preview Content\"";
				DEVELOPMENT_TEAM = 3HWHLG8J3L;
				ENABLE_PREVIEWS = YES;
				GENERATE_INFOPLIST_FILE = YES;
				INFOPLIST_FILE = Wordy/Info.plist;
				INFOPLIST_KEY_LSApplicationCategoryType = "";
				INFOPLIST_KEY_UIApplicationSceneManifest_Generation = YES;
				INFOPLIST_KEY_UIApplicationSupportsIndirectInputEvents = YES;
				INFOPLIST_KEY_UILaunchStoryboardName = "Launch Screen.storyboard";
				INFOPLIST_KEY_UISupportedInterfaceOrientations_iPad = "UIInterfaceOrientationPortrait UIInterfaceOrientationPortraitUpsideDown UIInterfaceOrientationLandscapeLeft UIInterfaceOrientationLandscapeRight";
				INFOPLIST_KEY_UISupportedInterfaceOrientations_iPhone = UIInterfaceOrientationPortrait;
				IPHONEOS_DEPLOYMENT_TARGET = 15.0;
				LD_RUNPATH_SEARCH_PATHS = (
					"$(inherited)",
					"@executable_path/Frameworks",
				);
				MARKETING_VERSION = 1.0;
				PRODUCT_BUNDLE_IDENTIFIER = app.wordy.wordy;
				PRODUCT_NAME = "$(TARGET_NAME)";
				SWIFT_EMIT_LOC_STRINGS = YES;
				SWIFT_VERSION = 5.0;
				TARGETED_DEVICE_FAMILY = "1,2";
			};
			name = Release;
		};
/* End XCBuildConfiguration section */

/* Begin XCConfigurationList section */
		019056302944A7140058B566 /* Build configuration list for PBXProject "Wordy" */ = {
			isa = XCConfigurationList;
			buildConfigurations = (
				019056412944A7170058B566 /* Debug */,
				019056422944A7170058B566 /* Release */,
			);
			defaultConfigurationIsVisible = 0;
			defaultConfigurationName = Release;
		};
		019056432944A7170058B566 /* Build configuration list for PBXNativeTarget "Wordy" */ = {
			isa = XCConfigurationList;
			buildConfigurations = (
				019056442944A7170058B566 /* Debug */,
				019056452944A7170058B566 /* Release */,
			);
			defaultConfigurationIsVisible = 0;
			defaultConfigurationName = Release;
		};
/* End XCConfigurationList section */

/* Begin XCRemoteSwiftPackageReference section */
		0109D1982AB6E91800714E55 /* XCRemoteSwiftPackageReference "ApphudSDK" */ = {
			isa = XCRemoteSwiftPackageReference;
			repositoryURL = "https://github.com/apphud/ApphudSDK";
			requirement = {
				kind = upToNextMajorVersion;
				minimumVersion = 3.0.0;
			};
		};
		010C7E8F29AE7EA900133179 /* XCRemoteSwiftPackageReference "MCEmojiPicker" */ = {
			isa = XCRemoteSwiftPackageReference;
			repositoryURL = "https://github.com/izyumkin/MCEmojiPicker";
			requirement = {
				kind = exactVersion;
				version = 1.1.1;
			};
		};
		0113F9572A96799800566EAC /* XCRemoteSwiftPackageReference "SwiftUI-Tooltip" */ = {
			isa = XCRemoteSwiftPackageReference;
			repositoryURL = "https://github.com/quassum/SwiftUI-Tooltip.git";
			requirement = {
				kind = upToNextMajorVersion;
				minimumVersion = 1.0.0;
			};
		};
		012C3E4B2ACC7363008945CD /* XCRemoteSwiftPackageReference "firebase-ios-sdk" */ = {
			isa = XCRemoteSwiftPackageReference;
			repositoryURL = "https://github.com/firebase/firebase-ios-sdk";
			requirement = {
				kind = exactVersion;
				version = 10.15.0;
			};
		};
		019229882AC462FE002648C4 /* XCRemoteSwiftPackageReference "AppsFlyerFramework" */ = {
			isa = XCRemoteSwiftPackageReference;
			repositoryURL = "https://github.com/AppsFlyerSDK/AppsFlyerFramework";
			requirement = {
				kind = upToNextMajorVersion;
				minimumVersion = 6.0.0;
			};
		};
		01978FA9294CBCB600B8EFC3 /* XCRemoteSwiftPackageReference "lottie-ios" */ = {
			isa = XCRemoteSwiftPackageReference;
			repositoryURL = "https://github.com/airbnb/lottie-ios.git";
			requirement = {
				kind = exactVersion;
				version = 4.0.1;
			};
		};
/* End XCRemoteSwiftPackageReference section */

/* Begin XCSwiftPackageProductDependency section */
		0109D1992AB6E91800714E55 /* ApphudSDK */ = {
			isa = XCSwiftPackageProductDependency;
			package = 0109D1982AB6E91800714E55 /* XCRemoteSwiftPackageReference "ApphudSDK" */;
			productName = ApphudSDK;
		};
		010C7E9029AE7EA900133179 /* MCEmojiPicker */ = {
			isa = XCSwiftPackageProductDependency;
			package = 010C7E8F29AE7EA900133179 /* XCRemoteSwiftPackageReference "MCEmojiPicker" */;
			productName = MCEmojiPicker;
		};
		0113F9582A96799800566EAC /* SwiftUITooltip */ = {
			isa = XCSwiftPackageProductDependency;
			package = 0113F9572A96799800566EAC /* XCRemoteSwiftPackageReference "SwiftUI-Tooltip" */;
			productName = SwiftUITooltip;
		};
		012C3E4C2ACC7364008945CD /* FirebaseAnalytics */ = {
			isa = XCSwiftPackageProductDependency;
			package = 012C3E4B2ACC7363008945CD /* XCRemoteSwiftPackageReference "firebase-ios-sdk" */;
			productName = FirebaseAnalytics;
		};
		012C3E4E2ACC7364008945CD /* FirebaseAnalyticsSwift */ = {
			isa = XCSwiftPackageProductDependency;
			package = 012C3E4B2ACC7363008945CD /* XCRemoteSwiftPackageReference "firebase-ios-sdk" */;
			productName = FirebaseAnalyticsSwift;
		};
		012C3E502ACC7364008945CD /* FirebaseAuth */ = {
			isa = XCSwiftPackageProductDependency;
			package = 012C3E4B2ACC7363008945CD /* XCRemoteSwiftPackageReference "firebase-ios-sdk" */;
			productName = FirebaseAuth;
		};
		012C3E522ACC7364008945CD /* FirebaseAuthCombine-Community */ = {
			isa = XCSwiftPackageProductDependency;
			package = 012C3E4B2ACC7363008945CD /* XCRemoteSwiftPackageReference "firebase-ios-sdk" */;
			productName = "FirebaseAuthCombine-Community";
		};
		012C3E542ACC7364008945CD /* FirebaseCrashlytics */ = {
			isa = XCSwiftPackageProductDependency;
			package = 012C3E4B2ACC7363008945CD /* XCRemoteSwiftPackageReference "firebase-ios-sdk" */;
			productName = FirebaseCrashlytics;
		};
		012C3E562ACC7364008945CD /* FirebaseDatabase */ = {
			isa = XCSwiftPackageProductDependency;
			package = 012C3E4B2ACC7363008945CD /* XCRemoteSwiftPackageReference "firebase-ios-sdk" */;
			productName = FirebaseDatabase;
		};
		012C3E582ACC7364008945CD /* FirebaseDatabaseSwift */ = {
			isa = XCSwiftPackageProductDependency;
			package = 012C3E4B2ACC7363008945CD /* XCRemoteSwiftPackageReference "firebase-ios-sdk" */;
			productName = FirebaseDatabaseSwift;
		};
		012C3E5A2ACC7364008945CD /* FirebaseFirestore */ = {
			isa = XCSwiftPackageProductDependency;
			package = 012C3E4B2ACC7363008945CD /* XCRemoteSwiftPackageReference "firebase-ios-sdk" */;
			productName = FirebaseFirestore;
		};
		012C3E5C2ACC7364008945CD /* FirebaseFirestoreCombine-Community */ = {
			isa = XCSwiftPackageProductDependency;
			package = 012C3E4B2ACC7363008945CD /* XCRemoteSwiftPackageReference "firebase-ios-sdk" */;
			productName = "FirebaseFirestoreCombine-Community";
		};
		012C3E5E2ACC7364008945CD /* FirebaseFirestoreSwift */ = {
			isa = XCSwiftPackageProductDependency;
			package = 012C3E4B2ACC7363008945CD /* XCRemoteSwiftPackageReference "firebase-ios-sdk" */;
			productName = FirebaseFirestoreSwift;
		};
		012C3E602ACC7364008945CD /* FirebaseInAppMessaging-Beta */ = {
			isa = XCSwiftPackageProductDependency;
			package = 012C3E4B2ACC7363008945CD /* XCRemoteSwiftPackageReference "firebase-ios-sdk" */;
			productName = "FirebaseInAppMessaging-Beta";
		};
		012C3E622ACC7364008945CD /* FirebaseInAppMessagingSwift-Beta */ = {
			isa = XCSwiftPackageProductDependency;
			package = 012C3E4B2ACC7363008945CD /* XCRemoteSwiftPackageReference "firebase-ios-sdk" */;
			productName = "FirebaseInAppMessagingSwift-Beta";
		};
		012C3E642ACC7364008945CD /* FirebaseMessaging */ = {
			isa = XCSwiftPackageProductDependency;
			package = 012C3E4B2ACC7363008945CD /* XCRemoteSwiftPackageReference "firebase-ios-sdk" */;
			productName = FirebaseMessaging;
		};
		012C3E662ACC7364008945CD /* FirebaseStorage */ = {
			isa = XCSwiftPackageProductDependency;
			package = 012C3E4B2ACC7363008945CD /* XCRemoteSwiftPackageReference "firebase-ios-sdk" */;
			productName = FirebaseStorage;
		};
		012C3E682ACC7364008945CD /* FirebaseStorageCombine-Community */ = {
			isa = XCSwiftPackageProductDependency;
			package = 012C3E4B2ACC7363008945CD /* XCRemoteSwiftPackageReference "firebase-ios-sdk" */;
			productName = "FirebaseStorageCombine-Community";
		};
		019229892AC462FE002648C4 /* AppsFlyerLib */ = {
			isa = XCSwiftPackageProductDependency;
			package = 019229882AC462FE002648C4 /* XCRemoteSwiftPackageReference "AppsFlyerFramework" */;
			productName = AppsFlyerLib;
		};
		01978FAA294CBCB600B8EFC3 /* Lottie */ = {
			isa = XCSwiftPackageProductDependency;
			package = 01978FA9294CBCB600B8EFC3 /* XCRemoteSwiftPackageReference "lottie-ios" */;
			productName = Lottie;
		};
/* End XCSwiftPackageProductDependency section */
	};
	rootObject = 0190562D2944A7140058B566 /* Project object */;
}
